// !$*UTF8*$!
{
	archiveVersion = 1;
	classes = {
	};
	objectVersion = 46;
	objects = {

/* Begin PBXBuildFile section */
		E1167F58148431FA001B7E9E /* CoreData.framework in Frameworks */ = {isa = PBXBuildFile; fileRef = E1167F55148431FA001B7E9E /* CoreData.framework */; };
		E1167F59148431FA001B7E9E /* CoreFoundation.framework in Frameworks */ = {isa = PBXBuildFile; fileRef = E1167F56148431FA001B7E9E /* CoreFoundation.framework */; };
		E1167F5A148431FA001B7E9E /* MobileCoreServices.framework in Frameworks */ = {isa = PBXBuildFile; fileRef = E1167F57148431FA001B7E9E /* MobileCoreServices.framework */; };
		E1167F5D1484320A001B7E9E /* Security.framework in Frameworks */ = {isa = PBXBuildFile; fileRef = E1167F5C1484320A001B7E9E /* Security.framework */; };
		E1B4081B14854B7B00448CEC /* RESTClient.h in Headers */ = {isa = PBXBuildFile; fileRef = E1B4081914854B7B00448CEC /* RESTClient.h */; settings = {ATTRIBUTES = (Public, ); }; };
		E1B4081C14854B7B00448CEC /* RESTClient.m in Sources */ = {isa = PBXBuildFile; fileRef = E1B4081A14854B7B00448CEC /* RESTClient.m */; };
		E1D0C5E91484F6480015D853 /* CFNetwork.framework in Frameworks */ = {isa = PBXBuildFile; fileRef = E1D0C5E81484F6480015D853 /* CFNetwork.framework */; };
		E1FFA09314842A4300531596 /* Foundation.framework in Frameworks */ = {isa = PBXBuildFile; fileRef = E1FFA09214842A4300531596 /* Foundation.framework */; };
		E1FFA0A914842AA600531596 /* NSString_RESTAddition.h in Headers */ = {isa = PBXBuildFile; fileRef = E1FFA0A014842AA600531596 /* NSString_RESTAddition.h */; settings = {ATTRIBUTES = (Public, ); }; };
		E1FFA0AA14842AA600531596 /* NSString_RESTAddition.m in Sources */ = {isa = PBXBuildFile; fileRef = E1FFA0A114842AA600531596 /* NSString_RESTAddition.m */; };
		E1FFA0AB14842AA600531596 /* ObjectiveREST.h in Headers */ = {isa = PBXBuildFile; fileRef = E1FFA0A214842AA600531596 /* ObjectiveREST.h */; settings = {ATTRIBUTES = (Public, ); }; };
		E1FFA0AC14842AA600531596 /* RESTConnection.h in Headers */ = {isa = PBXBuildFile; fileRef = E1FFA0A314842AA600531596 /* RESTConnection.h */; settings = {ATTRIBUTES = (Private, ); }; };
		E1FFA0AD14842AA600531596 /* RESTConnection.m in Sources */ = {isa = PBXBuildFile; fileRef = E1FFA0A414842AA600531596 /* RESTConnection.m */; };
		E1FFA0AE14842AA600531596 /* RESTManagedObject.h in Headers */ = {isa = PBXBuildFile; fileRef = E1FFA0A514842AA600531596 /* RESTManagedObject.h */; settings = {ATTRIBUTES = (Public, ); }; };
		E1FFA0AF14842AA600531596 /* RESTManager.h in Headers */ = {isa = PBXBuildFile; fileRef = E1FFA0A614842AA600531596 /* RESTManager.h */; settings = {ATTRIBUTES = (Public, ); }; };
		E1FFA0B014842AA600531596 /* RESTManager.m in Sources */ = {isa = PBXBuildFile; fileRef = E1FFA0A714842AA600531596 /* RESTManager.m */; };
		E1FFA0B114842AA600531596 /* RESTPrivateSettings.h in Headers */ = {isa = PBXBuildFile; fileRef = E1FFA0A814842AA600531596 /* RESTPrivateSettings.h */; settings = {ATTRIBUTES = (Private, ); }; };
		E1FFA37214842AB800531596 /* DDData.h in Headers */ = {isa = PBXBuildFile; fileRef = E1FFA0B714842AB700531596 /* DDData.h */; };
		E1FFA37314842AB800531596 /* DDData.m in Sources */ = {isa = PBXBuildFile; fileRef = E1FFA0B814842AB700531596 /* DDData.m */; };
		E1FFA37414842AB800531596 /* DDNumber.h in Headers */ = {isa = PBXBuildFile; fileRef = E1FFA0B914842AB700531596 /* DDNumber.h */; };
		E1FFA37514842AB800531596 /* DDNumber.m in Sources */ = {isa = PBXBuildFile; fileRef = E1FFA0BA14842AB700531596 /* DDNumber.m */; };
		E1FFA37614842AB800531596 /* DDRange.h in Headers */ = {isa = PBXBuildFile; fileRef = E1FFA0BB14842AB700531596 /* DDRange.h */; };
		E1FFA37714842AB800531596 /* DDRange.m in Sources */ = {isa = PBXBuildFile; fileRef = E1FFA0BC14842AB700531596 /* DDRange.m */; };
		E1FFA37814842AB800531596 /* HTTPAuthenticationRequest.h in Headers */ = {isa = PBXBuildFile; fileRef = E1FFA0BD14842AB700531596 /* HTTPAuthenticationRequest.h */; };
		E1FFA37914842AB800531596 /* HTTPAuthenticationRequest.m in Sources */ = {isa = PBXBuildFile; fileRef = E1FFA0BE14842AB700531596 /* HTTPAuthenticationRequest.m */; };
		E1FFA37A14842AB800531596 /* HTTPConnection.h in Headers */ = {isa = PBXBuildFile; fileRef = E1FFA0BF14842AB700531596 /* HTTPConnection.h */; };
		E1FFA37B14842AB800531596 /* HTTPConnection.m in Sources */ = {isa = PBXBuildFile; fileRef = E1FFA0C014842AB700531596 /* HTTPConnection.m */; };
		E1FFA37C14842AB800531596 /* HTTPLogging.h in Headers */ = {isa = PBXBuildFile; fileRef = E1FFA0C114842AB700531596 /* HTTPLogging.h */; };
		E1FFA37D14842AB800531596 /* HTTPMessage.h in Headers */ = {isa = PBXBuildFile; fileRef = E1FFA0C214842AB700531596 /* HTTPMessage.h */; };
		E1FFA37E14842AB800531596 /* HTTPMessage.m in Sources */ = {isa = PBXBuildFile; fileRef = E1FFA0C314842AB700531596 /* HTTPMessage.m */; };
		E1FFA37F14842AB800531596 /* HTTPResponse.h in Headers */ = {isa = PBXBuildFile; fileRef = E1FFA0C414842AB700531596 /* HTTPResponse.h */; };
		E1FFA38014842AB800531596 /* HTTPServer.h in Headers */ = {isa = PBXBuildFile; fileRef = E1FFA0C514842AB700531596 /* HTTPServer.h */; };
		E1FFA38114842AB800531596 /* HTTPServer.m in Sources */ = {isa = PBXBuildFile; fileRef = E1FFA0C614842AB700531596 /* HTTPServer.m */; };
		E1FFA38214842AB800531596 /* HTTPAsyncFileResponse.h in Headers */ = {isa = PBXBuildFile; fileRef = E1FFA0C814842AB700531596 /* HTTPAsyncFileResponse.h */; };
		E1FFA38314842AB800531596 /* HTTPAsyncFileResponse.m in Sources */ = {isa = PBXBuildFile; fileRef = E1FFA0C914842AB700531596 /* HTTPAsyncFileResponse.m */; };
		E1FFA38414842AB800531596 /* HTTPDataResponse.h in Headers */ = {isa = PBXBuildFile; fileRef = E1FFA0CA14842AB700531596 /* HTTPDataResponse.h */; };
		E1FFA38514842AB800531596 /* HTTPDataResponse.m in Sources */ = {isa = PBXBuildFile; fileRef = E1FFA0CB14842AB700531596 /* HTTPDataResponse.m */; };
		E1FFA38614842AB800531596 /* HTTPDynamicFileResponse.h in Headers */ = {isa = PBXBuildFile; fileRef = E1FFA0CC14842AB700531596 /* HTTPDynamicFileResponse.h */; };
		E1FFA38714842AB800531596 /* HTTPDynamicFileResponse.m in Sources */ = {isa = PBXBuildFile; fileRef = E1FFA0CD14842AB700531596 /* HTTPDynamicFileResponse.m */; };
		E1FFA38814842AB800531596 /* HTTPFileResponse.h in Headers */ = {isa = PBXBuildFile; fileRef = E1FFA0CE14842AB700531596 /* HTTPFileResponse.h */; };
		E1FFA38914842AB800531596 /* HTTPFileResponse.m in Sources */ = {isa = PBXBuildFile; fileRef = E1FFA0CF14842AB700531596 /* HTTPFileResponse.m */; };
		E1FFA38A14842AB800531596 /* HTTPRedirectResponse.h in Headers */ = {isa = PBXBuildFile; fileRef = E1FFA0D014842AB700531596 /* HTTPRedirectResponse.h */; };
		E1FFA38B14842AB800531596 /* HTTPRedirectResponse.m in Sources */ = {isa = PBXBuildFile; fileRef = E1FFA0D114842AB700531596 /* HTTPRedirectResponse.m */; };
		E1FFA38C14842AB800531596 /* WebSocket.h in Headers */ = {isa = PBXBuildFile; fileRef = E1FFA0D214842AB700531596 /* WebSocket.h */; };
		E1FFA38D14842AB800531596 /* WebSocket.m in Sources */ = {isa = PBXBuildFile; fileRef = E1FFA0D314842AB700531596 /* WebSocket.m */; };
		E1FFA3D614842AB800531596 /* GCDAsyncSocket.h in Headers */ = {isa = PBXBuildFile; fileRef = E1FFA18D14842AB700531596 /* GCDAsyncSocket.h */; };
		E1FFA3D714842AB800531596 /* GCDAsyncSocket.m in Sources */ = {isa = PBXBuildFile; fileRef = E1FFA18E14842AB700531596 /* GCDAsyncSocket.m */; };
		E1FFA3D814842AB800531596 /* DDAbstractDatabaseLogger.h in Headers */ = {isa = PBXBuildFile; fileRef = E1FFA19114842AB700531596 /* DDAbstractDatabaseLogger.h */; };
		E1FFA3D914842AB800531596 /* DDAbstractDatabaseLogger.m in Sources */ = {isa = PBXBuildFile; fileRef = E1FFA19214842AB700531596 /* DDAbstractDatabaseLogger.m */; };
		E1FFA3DA14842AB800531596 /* DDASLLogger.h in Headers */ = {isa = PBXBuildFile; fileRef = E1FFA19314842AB700531596 /* DDASLLogger.h */; };
		E1FFA3DB14842AB800531596 /* DDASLLogger.m in Sources */ = {isa = PBXBuildFile; fileRef = E1FFA19414842AB700531596 /* DDASLLogger.m */; };
		E1FFA3DC14842AB800531596 /* DDFileLogger.h in Headers */ = {isa = PBXBuildFile; fileRef = E1FFA19514842AB700531596 /* DDFileLogger.h */; };
		E1FFA3DD14842AB800531596 /* DDFileLogger.m in Sources */ = {isa = PBXBuildFile; fileRef = E1FFA19614842AB700531596 /* DDFileLogger.m */; };
		E1FFA3DE14842AB800531596 /* DDLog.h in Headers */ = {isa = PBXBuildFile; fileRef = E1FFA19714842AB700531596 /* DDLog.h */; };
		E1FFA3DF14842AB800531596 /* DDLog.m in Sources */ = {isa = PBXBuildFile; fileRef = E1FFA19814842AB700531596 /* DDLog.m */; };
		E1FFA3E014842AB800531596 /* DDTTYLogger.h in Headers */ = {isa = PBXBuildFile; fileRef = E1FFA19914842AB700531596 /* DDTTYLogger.h */; };
		E1FFA3E114842AB800531596 /* DDTTYLogger.m in Sources */ = {isa = PBXBuildFile; fileRef = E1FFA19A14842AB700531596 /* DDTTYLogger.m */; };
		E1FFA3E214842AB800531596 /* NSDataAdditions.h in Headers */ = {isa = PBXBuildFile; fileRef = E1FFA19D14842AB700531596 /* NSDataAdditions.h */; };
		E1FFA3E314842AB800531596 /* NSDataAdditions.m in Sources */ = {isa = PBXBuildFile; fileRef = E1FFA19E14842AB700531596 /* NSDataAdditions.m */; };
		E1FFA3E414842AB800531596 /* NSObject+SBJson.h in Headers */ = {isa = PBXBuildFile; fileRef = E1FFA1A314842AB700531596 /* NSObject+SBJson.h */; };
		E1FFA3E514842AB800531596 /* NSObject+SBJson.m in Sources */ = {isa = PBXBuildFile; fileRef = E1FFA1A414842AB700531596 /* NSObject+SBJson.m */; };
		E1FFA3E614842AB800531596 /* SBJson.h in Headers */ = {isa = PBXBuildFile; fileRef = E1FFA1A514842AB700531596 /* SBJson.h */; };
		E1FFA3E714842AB800531596 /* SBJsonParser.h in Headers */ = {isa = PBXBuildFile; fileRef = E1FFA1A614842AB700531596 /* SBJsonParser.h */; };
		E1FFA3E814842AB800531596 /* SBJsonParser.m in Sources */ = {isa = PBXBuildFile; fileRef = E1FFA1A714842AB700531596 /* SBJsonParser.m */; };
		E1FFA3E914842AB800531596 /* SBJsonStreamParser.h in Headers */ = {isa = PBXBuildFile; fileRef = E1FFA1A814842AB700531596 /* SBJsonStreamParser.h */; };
		E1FFA3EA14842AB800531596 /* SBJsonStreamParser.m in Sources */ = {isa = PBXBuildFile; fileRef = E1FFA1A914842AB700531596 /* SBJsonStreamParser.m */; };
		E1FFA3EB14842AB800531596 /* SBJsonStreamParserAccumulator.h in Headers */ = {isa = PBXBuildFile; fileRef = E1FFA1AA14842AB700531596 /* SBJsonStreamParserAccumulator.h */; };
		E1FFA3EC14842AB800531596 /* SBJsonStreamParserAccumulator.m in Sources */ = {isa = PBXBuildFile; fileRef = E1FFA1AB14842AB700531596 /* SBJsonStreamParserAccumulator.m */; };
		E1FFA3ED14842AB800531596 /* SBJsonStreamParserAdapter.h in Headers */ = {isa = PBXBuildFile; fileRef = E1FFA1AC14842AB700531596 /* SBJsonStreamParserAdapter.h */; };
		E1FFA3EE14842AB800531596 /* SBJsonStreamParserAdapter.m in Sources */ = {isa = PBXBuildFile; fileRef = E1FFA1AD14842AB700531596 /* SBJsonStreamParserAdapter.m */; };
		E1FFA3EF14842AB800531596 /* SBJsonStreamParserState.h in Headers */ = {isa = PBXBuildFile; fileRef = E1FFA1AE14842AB700531596 /* SBJsonStreamParserState.h */; };
		E1FFA3F014842AB800531596 /* SBJsonStreamParserState.m in Sources */ = {isa = PBXBuildFile; fileRef = E1FFA1AF14842AB700531596 /* SBJsonStreamParserState.m */; };
		E1FFA3F114842AB800531596 /* SBJsonStreamWriter.h in Headers */ = {isa = PBXBuildFile; fileRef = E1FFA1B014842AB700531596 /* SBJsonStreamWriter.h */; };
		E1FFA3F214842AB800531596 /* SBJsonStreamWriter.m in Sources */ = {isa = PBXBuildFile; fileRef = E1FFA1B114842AB700531596 /* SBJsonStreamWriter.m */; };
		E1FFA3F314842AB800531596 /* SBJsonStreamWriterAccumulator.h in Headers */ = {isa = PBXBuildFile; fileRef = E1FFA1B214842AB700531596 /* SBJsonStreamWriterAccumulator.h */; };
		E1FFA3F414842AB800531596 /* SBJsonStreamWriterAccumulator.m in Sources */ = {isa = PBXBuildFile; fileRef = E1FFA1B314842AB700531596 /* SBJsonStreamWriterAccumulator.m */; };
		E1FFA3F514842AB800531596 /* SBJsonStreamWriterState.h in Headers */ = {isa = PBXBuildFile; fileRef = E1FFA1B414842AB700531596 /* SBJsonStreamWriterState.h */; };
		E1FFA3F614842AB800531596 /* SBJsonStreamWriterState.m in Sources */ = {isa = PBXBuildFile; fileRef = E1FFA1B514842AB700531596 /* SBJsonStreamWriterState.m */; };
		E1FFA3F714842AB800531596 /* SBJsonTokeniser.h in Headers */ = {isa = PBXBuildFile; fileRef = E1FFA1B614842AB700531596 /* SBJsonTokeniser.h */; };
		E1FFA3F814842AB800531596 /* SBJsonTokeniser.m in Sources */ = {isa = PBXBuildFile; fileRef = E1FFA1B714842AB700531596 /* SBJsonTokeniser.m */; };
		E1FFA3F914842AB800531596 /* SBJsonUTF8Stream.h in Headers */ = {isa = PBXBuildFile; fileRef = E1FFA1B814842AB700531596 /* SBJsonUTF8Stream.h */; };
		E1FFA3FA14842AB800531596 /* SBJsonUTF8Stream.m in Sources */ = {isa = PBXBuildFile; fileRef = E1FFA1B914842AB700531596 /* SBJsonUTF8Stream.m */; };
		E1FFA3FB14842AB800531596 /* SBJsonWriter.h in Headers */ = {isa = PBXBuildFile; fileRef = E1FFA1BA14842AB700531596 /* SBJsonWriter.h */; };
		E1FFA3FC14842AB800531596 /* SBJsonWriter.m in Sources */ = {isa = PBXBuildFile; fileRef = E1FFA1BB14842AB700531596 /* SBJsonWriter.m */; };
/* End PBXBuildFile section */

/* Begin PBXFileReference section */
		E1167F55148431FA001B7E9E /* CoreData.framework */ = {isa = PBXFileReference; lastKnownFileType = wrapper.framework; name = CoreData.framework; path = System/Library/Frameworks/CoreData.framework; sourceTree = SDKROOT; };
		E1167F56148431FA001B7E9E /* CoreFoundation.framework */ = {isa = PBXFileReference; lastKnownFileType = wrapper.framework; name = CoreFoundation.framework; path = System/Library/Frameworks/CoreFoundation.framework; sourceTree = SDKROOT; };
		E1167F57148431FA001B7E9E /* MobileCoreServices.framework */ = {isa = PBXFileReference; lastKnownFileType = wrapper.framework; name = MobileCoreServices.framework; path = System/Library/Frameworks/MobileCoreServices.framework; sourceTree = SDKROOT; };
		E1167F5C1484320A001B7E9E /* Security.framework */ = {isa = PBXFileReference; lastKnownFileType = wrapper.framework; name = Security.framework; path = System/Library/Frameworks/Security.framework; sourceTree = SDKROOT; };
		E1B4081914854B7B00448CEC /* RESTClient.h */ = {isa = PBXFileReference; fileEncoding = 4; lastKnownFileType = sourcecode.c.h; path = RESTClient.h; sourceTree = "<group>"; };
		E1B4081A14854B7B00448CEC /* RESTClient.m */ = {isa = PBXFileReference; fileEncoding = 4; lastKnownFileType = sourcecode.c.objc; path = RESTClient.m; sourceTree = "<group>"; };
		E1D0C5E81484F6480015D853 /* CFNetwork.framework */ = {isa = PBXFileReference; lastKnownFileType = wrapper.framework; name = CFNetwork.framework; path = System/Library/Frameworks/CFNetwork.framework; sourceTree = SDKROOT; };
		E1FFA08F14842A4300531596 /* libObjectiveREST.a */ = {isa = PBXFileReference; explicitFileType = archive.ar; includeInIndex = 0; path = libObjectiveREST.a; sourceTree = BUILT_PRODUCTS_DIR; };
		E1FFA09214842A4300531596 /* Foundation.framework */ = {isa = PBXFileReference; lastKnownFileType = wrapper.framework; name = Foundation.framework; path = System/Library/Frameworks/Foundation.framework; sourceTree = SDKROOT; };
		E1FFA09614842A4300531596 /* ObjectiveREST-Prefix.pch */ = {isa = PBXFileReference; lastKnownFileType = sourcecode.c.h; path = "ObjectiveREST-Prefix.pch"; sourceTree = "<group>"; };
		E1FFA0A014842AA600531596 /* NSString_RESTAddition.h */ = {isa = PBXFileReference; fileEncoding = 4; lastKnownFileType = sourcecode.c.h; path = NSString_RESTAddition.h; sourceTree = "<group>"; };
		E1FFA0A114842AA600531596 /* NSString_RESTAddition.m */ = {isa = PBXFileReference; fileEncoding = 4; lastKnownFileType = sourcecode.c.objc; path = NSString_RESTAddition.m; sourceTree = "<group>"; };
		E1FFA0A214842AA600531596 /* ObjectiveREST.h */ = {isa = PBXFileReference; fileEncoding = 4; lastKnownFileType = sourcecode.c.h; path = ObjectiveREST.h; sourceTree = "<group>"; };
		E1FFA0A314842AA600531596 /* RESTConnection.h */ = {isa = PBXFileReference; fileEncoding = 4; lastKnownFileType = sourcecode.c.h; path = RESTConnection.h; sourceTree = "<group>"; };
		E1FFA0A414842AA600531596 /* RESTConnection.m */ = {isa = PBXFileReference; fileEncoding = 4; lastKnownFileType = sourcecode.c.objc; path = RESTConnection.m; sourceTree = "<group>"; };
		E1FFA0A514842AA600531596 /* RESTManagedObject.h */ = {isa = PBXFileReference; fileEncoding = 4; lastKnownFileType = sourcecode.c.h; path = RESTManagedObject.h; sourceTree = "<group>"; };
		E1FFA0A614842AA600531596 /* RESTManager.h */ = {isa = PBXFileReference; fileEncoding = 4; lastKnownFileType = sourcecode.c.h; path = RESTManager.h; sourceTree = "<group>"; };
		E1FFA0A714842AA600531596 /* RESTManager.m */ = {isa = PBXFileReference; fileEncoding = 4; lastKnownFileType = sourcecode.c.objc; path = RESTManager.m; sourceTree = "<group>"; };
		E1FFA0A814842AA600531596 /* RESTPrivateSettings.h */ = {isa = PBXFileReference; fileEncoding = 4; lastKnownFileType = sourcecode.c.h; path = RESTPrivateSettings.h; sourceTree = "<group>"; };
		E1FFA0B714842AB700531596 /* DDData.h */ = {isa = PBXFileReference; fileEncoding = 4; lastKnownFileType = sourcecode.c.h; path = DDData.h; sourceTree = "<group>"; };
		E1FFA0B814842AB700531596 /* DDData.m */ = {isa = PBXFileReference; fileEncoding = 4; lastKnownFileType = sourcecode.c.objc; path = DDData.m; sourceTree = "<group>"; };
		E1FFA0B914842AB700531596 /* DDNumber.h */ = {isa = PBXFileReference; fileEncoding = 4; lastKnownFileType = sourcecode.c.h; path = DDNumber.h; sourceTree = "<group>"; };
		E1FFA0BA14842AB700531596 /* DDNumber.m */ = {isa = PBXFileReference; fileEncoding = 4; lastKnownFileType = sourcecode.c.objc; path = DDNumber.m; sourceTree = "<group>"; };
		E1FFA0BB14842AB700531596 /* DDRange.h */ = {isa = PBXFileReference; fileEncoding = 4; lastKnownFileType = sourcecode.c.h; path = DDRange.h; sourceTree = "<group>"; };
		E1FFA0BC14842AB700531596 /* DDRange.m */ = {isa = PBXFileReference; fileEncoding = 4; lastKnownFileType = sourcecode.c.objc; path = DDRange.m; sourceTree = "<group>"; };
		E1FFA0BD14842AB700531596 /* HTTPAuthenticationRequest.h */ = {isa = PBXFileReference; fileEncoding = 4; lastKnownFileType = sourcecode.c.h; path = HTTPAuthenticationRequest.h; sourceTree = "<group>"; };
		E1FFA0BE14842AB700531596 /* HTTPAuthenticationRequest.m */ = {isa = PBXFileReference; fileEncoding = 4; lastKnownFileType = sourcecode.c.objc; path = HTTPAuthenticationRequest.m; sourceTree = "<group>"; };
		E1FFA0BF14842AB700531596 /* HTTPConnection.h */ = {isa = PBXFileReference; fileEncoding = 4; lastKnownFileType = sourcecode.c.h; path = HTTPConnection.h; sourceTree = "<group>"; };
		E1FFA0C014842AB700531596 /* HTTPConnection.m */ = {isa = PBXFileReference; fileEncoding = 4; lastKnownFileType = sourcecode.c.objc; path = HTTPConnection.m; sourceTree = "<group>"; };
		E1FFA0C114842AB700531596 /* HTTPLogging.h */ = {isa = PBXFileReference; fileEncoding = 4; lastKnownFileType = sourcecode.c.h; path = HTTPLogging.h; sourceTree = "<group>"; };
		E1FFA0C214842AB700531596 /* HTTPMessage.h */ = {isa = PBXFileReference; fileEncoding = 4; lastKnownFileType = sourcecode.c.h; path = HTTPMessage.h; sourceTree = "<group>"; };
		E1FFA0C314842AB700531596 /* HTTPMessage.m */ = {isa = PBXFileReference; fileEncoding = 4; lastKnownFileType = sourcecode.c.objc; path = HTTPMessage.m; sourceTree = "<group>"; };
		E1FFA0C414842AB700531596 /* HTTPResponse.h */ = {isa = PBXFileReference; fileEncoding = 4; lastKnownFileType = sourcecode.c.h; path = HTTPResponse.h; sourceTree = "<group>"; };
		E1FFA0C514842AB700531596 /* HTTPServer.h */ = {isa = PBXFileReference; fileEncoding = 4; lastKnownFileType = sourcecode.c.h; path = HTTPServer.h; sourceTree = "<group>"; };
		E1FFA0C614842AB700531596 /* HTTPServer.m */ = {isa = PBXFileReference; fileEncoding = 4; lastKnownFileType = sourcecode.c.objc; path = HTTPServer.m; sourceTree = "<group>"; };
		E1FFA0C814842AB700531596 /* HTTPAsyncFileResponse.h */ = {isa = PBXFileReference; fileEncoding = 4; lastKnownFileType = sourcecode.c.h; path = HTTPAsyncFileResponse.h; sourceTree = "<group>"; };
		E1FFA0C914842AB700531596 /* HTTPAsyncFileResponse.m */ = {isa = PBXFileReference; fileEncoding = 4; lastKnownFileType = sourcecode.c.objc; path = HTTPAsyncFileResponse.m; sourceTree = "<group>"; };
		E1FFA0CA14842AB700531596 /* HTTPDataResponse.h */ = {isa = PBXFileReference; fileEncoding = 4; lastKnownFileType = sourcecode.c.h; path = HTTPDataResponse.h; sourceTree = "<group>"; };
		E1FFA0CB14842AB700531596 /* HTTPDataResponse.m */ = {isa = PBXFileReference; fileEncoding = 4; lastKnownFileType = sourcecode.c.objc; path = HTTPDataResponse.m; sourceTree = "<group>"; };
		E1FFA0CC14842AB700531596 /* HTTPDynamicFileResponse.h */ = {isa = PBXFileReference; fileEncoding = 4; lastKnownFileType = sourcecode.c.h; path = HTTPDynamicFileResponse.h; sourceTree = "<group>"; };
		E1FFA0CD14842AB700531596 /* HTTPDynamicFileResponse.m */ = {isa = PBXFileReference; fileEncoding = 4; lastKnownFileType = sourcecode.c.objc; path = HTTPDynamicFileResponse.m; sourceTree = "<group>"; };
		E1FFA0CE14842AB700531596 /* HTTPFileResponse.h */ = {isa = PBXFileReference; fileEncoding = 4; lastKnownFileType = sourcecode.c.h; path = HTTPFileResponse.h; sourceTree = "<group>"; };
		E1FFA0CF14842AB700531596 /* HTTPFileResponse.m */ = {isa = PBXFileReference; fileEncoding = 4; lastKnownFileType = sourcecode.c.objc; path = HTTPFileResponse.m; sourceTree = "<group>"; };
		E1FFA0D014842AB700531596 /* HTTPRedirectResponse.h */ = {isa = PBXFileReference; fileEncoding = 4; lastKnownFileType = sourcecode.c.h; path = HTTPRedirectResponse.h; sourceTree = "<group>"; };
		E1FFA0D114842AB700531596 /* HTTPRedirectResponse.m */ = {isa = PBXFileReference; fileEncoding = 4; lastKnownFileType = sourcecode.c.objc; path = HTTPRedirectResponse.m; sourceTree = "<group>"; };
		E1FFA0D214842AB700531596 /* WebSocket.h */ = {isa = PBXFileReference; fileEncoding = 4; lastKnownFileType = sourcecode.c.h; path = WebSocket.h; sourceTree = "<group>"; };
		E1FFA0D314842AB700531596 /* WebSocket.m */ = {isa = PBXFileReference; fileEncoding = 4; lastKnownFileType = sourcecode.c.objc; path = WebSocket.m; sourceTree = "<group>"; };
		E1FFA0DE14842AB700531596 /* LICENSE.txt */ = {isa = PBXFileReference; fileEncoding = 4; lastKnownFileType = text; path = LICENSE.txt; sourceTree = "<group>"; };
		E1FFA18C14842AB700531596 /* About.txt */ = {isa = PBXFileReference; fileEncoding = 4; lastKnownFileType = text; path = About.txt; sourceTree = "<group>"; };
		E1FFA18D14842AB700531596 /* GCDAsyncSocket.h */ = {isa = PBXFileReference; fileEncoding = 4; lastKnownFileType = sourcecode.c.h; path = GCDAsyncSocket.h; sourceTree = "<group>"; };
		E1FFA18E14842AB700531596 /* GCDAsyncSocket.m */ = {isa = PBXFileReference; fileEncoding = 4; lastKnownFileType = sourcecode.c.objc; path = GCDAsyncSocket.m; sourceTree = "<group>"; };
		E1FFA19014842AB700531596 /* About.txt */ = {isa = PBXFileReference; fileEncoding = 4; lastKnownFileType = text; path = About.txt; sourceTree = "<group>"; };
		E1FFA19114842AB700531596 /* DDAbstractDatabaseLogger.h */ = {isa = PBXFileReference; fileEncoding = 4; lastKnownFileType = sourcecode.c.h; path = DDAbstractDatabaseLogger.h; sourceTree = "<group>"; };
		E1FFA19214842AB700531596 /* DDAbstractDatabaseLogger.m */ = {isa = PBXFileReference; fileEncoding = 4; lastKnownFileType = sourcecode.c.objc; path = DDAbstractDatabaseLogger.m; sourceTree = "<group>"; };
		E1FFA19314842AB700531596 /* DDASLLogger.h */ = {isa = PBXFileReference; fileEncoding = 4; lastKnownFileType = sourcecode.c.h; path = DDASLLogger.h; sourceTree = "<group>"; };
		E1FFA19414842AB700531596 /* DDASLLogger.m */ = {isa = PBXFileReference; fileEncoding = 4; lastKnownFileType = sourcecode.c.objc; path = DDASLLogger.m; sourceTree = "<group>"; };
		E1FFA19514842AB700531596 /* DDFileLogger.h */ = {isa = PBXFileReference; fileEncoding = 4; lastKnownFileType = sourcecode.c.h; path = DDFileLogger.h; sourceTree = "<group>"; };
		E1FFA19614842AB700531596 /* DDFileLogger.m */ = {isa = PBXFileReference; fileEncoding = 4; lastKnownFileType = sourcecode.c.objc; path = DDFileLogger.m; sourceTree = "<group>"; };
		E1FFA19714842AB700531596 /* DDLog.h */ = {isa = PBXFileReference; fileEncoding = 4; lastKnownFileType = sourcecode.c.h; path = DDLog.h; sourceTree = "<group>"; };
		E1FFA19814842AB700531596 /* DDLog.m */ = {isa = PBXFileReference; fileEncoding = 4; lastKnownFileType = sourcecode.c.objc; path = DDLog.m; sourceTree = "<group>"; };
		E1FFA19914842AB700531596 /* DDTTYLogger.h */ = {isa = PBXFileReference; fileEncoding = 4; lastKnownFileType = sourcecode.c.h; path = DDTTYLogger.h; sourceTree = "<group>"; };
		E1FFA19A14842AB700531596 /* DDTTYLogger.m */ = {isa = PBXFileReference; fileEncoding = 4; lastKnownFileType = sourcecode.c.objc; path = DDTTYLogger.m; sourceTree = "<group>"; };
		E1FFA19D14842AB700531596 /* NSDataAdditions.h */ = {isa = PBXFileReference; fileEncoding = 4; lastKnownFileType = sourcecode.c.h; path = NSDataAdditions.h; sourceTree = "<group>"; };
		E1FFA19E14842AB700531596 /* NSDataAdditions.m */ = {isa = PBXFileReference; fileEncoding = 4; lastKnownFileType = sourcecode.c.objc; path = NSDataAdditions.m; sourceTree = "<group>"; };
		E1FFA1A314842AB700531596 /* NSObject+SBJson.h */ = {isa = PBXFileReference; fileEncoding = 4; lastKnownFileType = sourcecode.c.h; path = "NSObject+SBJson.h"; sourceTree = "<group>"; };
		E1FFA1A414842AB700531596 /* NSObject+SBJson.m */ = {isa = PBXFileReference; fileEncoding = 4; lastKnownFileType = sourcecode.c.objc; path = "NSObject+SBJson.m"; sourceTree = "<group>"; };
		E1FFA1A514842AB700531596 /* SBJson.h */ = {isa = PBXFileReference; fileEncoding = 4; lastKnownFileType = sourcecode.c.h; path = SBJson.h; sourceTree = "<group>"; };
		E1FFA1A614842AB700531596 /* SBJsonParser.h */ = {isa = PBXFileReference; fileEncoding = 4; lastKnownFileType = sourcecode.c.h; path = SBJsonParser.h; sourceTree = "<group>"; };
		E1FFA1A714842AB700531596 /* SBJsonParser.m */ = {isa = PBXFileReference; fileEncoding = 4; lastKnownFileType = sourcecode.c.objc; path = SBJsonParser.m; sourceTree = "<group>"; };
		E1FFA1A814842AB700531596 /* SBJsonStreamParser.h */ = {isa = PBXFileReference; fileEncoding = 4; lastKnownFileType = sourcecode.c.h; path = SBJsonStreamParser.h; sourceTree = "<group>"; };
		E1FFA1A914842AB700531596 /* SBJsonStreamParser.m */ = {isa = PBXFileReference; fileEncoding = 4; lastKnownFileType = sourcecode.c.objc; path = SBJsonStreamParser.m; sourceTree = "<group>"; };
		E1FFA1AA14842AB700531596 /* SBJsonStreamParserAccumulator.h */ = {isa = PBXFileReference; fileEncoding = 4; lastKnownFileType = sourcecode.c.h; path = SBJsonStreamParserAccumulator.h; sourceTree = "<group>"; };
		E1FFA1AB14842AB700531596 /* SBJsonStreamParserAccumulator.m */ = {isa = PBXFileReference; fileEncoding = 4; lastKnownFileType = sourcecode.c.objc; path = SBJsonStreamParserAccumulator.m; sourceTree = "<group>"; };
		E1FFA1AC14842AB700531596 /* SBJsonStreamParserAdapter.h */ = {isa = PBXFileReference; fileEncoding = 4; lastKnownFileType = sourcecode.c.h; path = SBJsonStreamParserAdapter.h; sourceTree = "<group>"; };
		E1FFA1AD14842AB700531596 /* SBJsonStreamParserAdapter.m */ = {isa = PBXFileReference; fileEncoding = 4; lastKnownFileType = sourcecode.c.objc; path = SBJsonStreamParserAdapter.m; sourceTree = "<group>"; };
		E1FFA1AE14842AB700531596 /* SBJsonStreamParserState.h */ = {isa = PBXFileReference; fileEncoding = 4; lastKnownFileType = sourcecode.c.h; path = SBJsonStreamParserState.h; sourceTree = "<group>"; };
		E1FFA1AF14842AB700531596 /* SBJsonStreamParserState.m */ = {isa = PBXFileReference; fileEncoding = 4; lastKnownFileType = sourcecode.c.objc; path = SBJsonStreamParserState.m; sourceTree = "<group>"; };
		E1FFA1B014842AB700531596 /* SBJsonStreamWriter.h */ = {isa = PBXFileReference; fileEncoding = 4; lastKnownFileType = sourcecode.c.h; path = SBJsonStreamWriter.h; sourceTree = "<group>"; };
		E1FFA1B114842AB700531596 /* SBJsonStreamWriter.m */ = {isa = PBXFileReference; fileEncoding = 4; lastKnownFileType = sourcecode.c.objc; path = SBJsonStreamWriter.m; sourceTree = "<group>"; };
		E1FFA1B214842AB700531596 /* SBJsonStreamWriterAccumulator.h */ = {isa = PBXFileReference; fileEncoding = 4; lastKnownFileType = sourcecode.c.h; path = SBJsonStreamWriterAccumulator.h; sourceTree = "<group>"; };
		E1FFA1B314842AB700531596 /* SBJsonStreamWriterAccumulator.m */ = {isa = PBXFileReference; fileEncoding = 4; lastKnownFileType = sourcecode.c.objc; path = SBJsonStreamWriterAccumulator.m; sourceTree = "<group>"; };
		E1FFA1B414842AB700531596 /* SBJsonStreamWriterState.h */ = {isa = PBXFileReference; fileEncoding = 4; lastKnownFileType = sourcecode.c.h; path = SBJsonStreamWriterState.h; sourceTree = "<group>"; };
		E1FFA1B514842AB700531596 /* SBJsonStreamWriterState.m */ = {isa = PBXFileReference; fileEncoding = 4; lastKnownFileType = sourcecode.c.objc; path = SBJsonStreamWriterState.m; sourceTree = "<group>"; };
		E1FFA1B614842AB700531596 /* SBJsonTokeniser.h */ = {isa = PBXFileReference; fileEncoding = 4; lastKnownFileType = sourcecode.c.h; path = SBJsonTokeniser.h; sourceTree = "<group>"; };
		E1FFA1B714842AB700531596 /* SBJsonTokeniser.m */ = {isa = PBXFileReference; fileEncoding = 4; lastKnownFileType = sourcecode.c.objc; path = SBJsonTokeniser.m; sourceTree = "<group>"; };
		E1FFA1B814842AB700531596 /* SBJsonUTF8Stream.h */ = {isa = PBXFileReference; fileEncoding = 4; lastKnownFileType = sourcecode.c.h; path = SBJsonUTF8Stream.h; sourceTree = "<group>"; };
		E1FFA1B914842AB700531596 /* SBJsonUTF8Stream.m */ = {isa = PBXFileReference; fileEncoding = 4; lastKnownFileType = sourcecode.c.objc; path = SBJsonUTF8Stream.m; sourceTree = "<group>"; };
		E1FFA1BA14842AB700531596 /* SBJsonWriter.h */ = {isa = PBXFileReference; fileEncoding = 4; lastKnownFileType = sourcecode.c.h; path = SBJsonWriter.h; sourceTree = "<group>"; };
		E1FFA1BB14842AB700531596 /* SBJsonWriter.m */ = {isa = PBXFileReference; fileEncoding = 4; lastKnownFileType = sourcecode.c.objc; path = SBJsonWriter.m; sourceTree = "<group>"; };
		E1FFA1E514842AB700531596 /* LICENSE */ = {isa = PBXFileReference; fileEncoding = 4; lastKnownFileType = text; path = LICENSE; sourceTree = "<group>"; };
/* End PBXFileReference section */

/* Begin PBXFrameworksBuildPhase section */
		E1FFA08C14842A4300531596 /* Frameworks */ = {
			isa = PBXFrameworksBuildPhase;
			buildActionMask = 2147483647;
			files = (
				E1D0C5E91484F6480015D853 /* CFNetwork.framework in Frameworks */,
				E1167F5D1484320A001B7E9E /* Security.framework in Frameworks */,
				E1167F58148431FA001B7E9E /* CoreData.framework in Frameworks */,
				E1167F59148431FA001B7E9E /* CoreFoundation.framework in Frameworks */,
				E1167F5A148431FA001B7E9E /* MobileCoreServices.framework in Frameworks */,
				E1FFA09314842A4300531596 /* Foundation.framework in Frameworks */,
			);
			runOnlyForDeploymentPostprocessing = 0;
		};
/* End PBXFrameworksBuildPhase section */

/* Begin PBXGroup section */
		E1FFA08414842A4300531596 = {
			isa = PBXGroup;
			children = (
				E1FFA0B214842AB700531596 /* CocoaHTTPServer */,
				E1FFA19B14842AB700531596 /* Externals */,
				E1FFA19F14842AB700531596 /* JSON-Framework */,
				E1FFA09414842A4300531596 /* ObjectiveREST */,
				E1FFA09114842A4300531596 /* Frameworks */,
				E1FFA09014842A4300531596 /* Products */,
			);
			sourceTree = "<group>";
		};
		E1FFA09014842A4300531596 /* Products */ = {
			isa = PBXGroup;
			children = (
				E1FFA08F14842A4300531596 /* libObjectiveREST.a */,
			);
			name = Products;
			sourceTree = "<group>";
		};
		E1FFA09114842A4300531596 /* Frameworks */ = {
			isa = PBXGroup;
			children = (
				E1D0C5E81484F6480015D853 /* CFNetwork.framework */,
				E1167F5C1484320A001B7E9E /* Security.framework */,
				E1167F55148431FA001B7E9E /* CoreData.framework */,
				E1167F56148431FA001B7E9E /* CoreFoundation.framework */,
				E1167F57148431FA001B7E9E /* MobileCoreServices.framework */,
				E1FFA09214842A4300531596 /* Foundation.framework */,
			);
			name = Frameworks;
			sourceTree = "<group>";
		};
		E1FFA09414842A4300531596 /* ObjectiveREST */ = {
			isa = PBXGroup;
			children = (
				E1FFA09F14842AA600531596 /* Common */,
				E1FFA09514842A4300531596 /* Supporting Files */,
			);
			path = ObjectiveREST;
			sourceTree = "<group>";
		};
		E1FFA09514842A4300531596 /* Supporting Files */ = {
			isa = PBXGroup;
			children = (
				E1FFA09614842A4300531596 /* ObjectiveREST-Prefix.pch */,
			);
			name = "Supporting Files";
			sourceTree = "<group>";
		};
		E1FFA09F14842AA600531596 /* Common */ = {
			isa = PBXGroup;
			children = (
				E1FFA0A214842AA600531596 /* ObjectiveREST.h */,
				E1FFA0A014842AA600531596 /* NSString_RESTAddition.h */,
				E1FFA0A114842AA600531596 /* NSString_RESTAddition.m */,
				E1FFA0A314842AA600531596 /* RESTConnection.h */,
				E1FFA0A414842AA600531596 /* RESTConnection.m */,
				E1FFA0A514842AA600531596 /* RESTManagedObject.h */,
				E1FFA0A614842AA600531596 /* RESTManager.h */,
				E1FFA0A714842AA600531596 /* RESTManager.m */,
				E1FFA0A814842AA600531596 /* RESTPrivateSettings.h */,
				E1B4081914854B7B00448CEC /* RESTClient.h */,
				E1B4081A14854B7B00448CEC /* RESTClient.m */,
			);
			name = Common;
			path = ../../../Common;
			sourceTree = "<group>";
		};
		E1FFA0B214842AB700531596 /* CocoaHTTPServer */ = {
			isa = PBXGroup;
			children = (
				E1FFA0B514842AB700531596 /* Core */,
				E1FFA0DE14842AB700531596 /* LICENSE.txt */,
				E1FFA18A14842AB700531596 /* Vendor */,
			);
			name = CocoaHTTPServer;
			path = ../../../CocoaHTTPServer;
			sourceTree = "<group>";
		};
		E1FFA0B514842AB700531596 /* Core */ = {
			isa = PBXGroup;
			children = (
				E1FFA0B614842AB700531596 /* Categories */,
				E1FFA0BD14842AB700531596 /* HTTPAuthenticationRequest.h */,
				E1FFA0BE14842AB700531596 /* HTTPAuthenticationRequest.m */,
				E1FFA0BF14842AB700531596 /* HTTPConnection.h */,
				E1FFA0C014842AB700531596 /* HTTPConnection.m */,
				E1FFA0C114842AB700531596 /* HTTPLogging.h */,
				E1FFA0C214842AB700531596 /* HTTPMessage.h */,
				E1FFA0C314842AB700531596 /* HTTPMessage.m */,
				E1FFA0C414842AB700531596 /* HTTPResponse.h */,
				E1FFA0C514842AB700531596 /* HTTPServer.h */,
				E1FFA0C614842AB700531596 /* HTTPServer.m */,
				E1FFA0C714842AB700531596 /* Responses */,
				E1FFA0D214842AB700531596 /* WebSocket.h */,
				E1FFA0D314842AB700531596 /* WebSocket.m */,
			);
			path = Core;
			sourceTree = "<group>";
		};
		E1FFA0B614842AB700531596 /* Categories */ = {
			isa = PBXGroup;
			children = (
				E1FFA0B714842AB700531596 /* DDData.h */,
				E1FFA0B814842AB700531596 /* DDData.m */,
				E1FFA0B914842AB700531596 /* DDNumber.h */,
				E1FFA0BA14842AB700531596 /* DDNumber.m */,
				E1FFA0BB14842AB700531596 /* DDRange.h */,
				E1FFA0BC14842AB700531596 /* DDRange.m */,
			);
			path = Categories;
			sourceTree = "<group>";
		};
		E1FFA0C714842AB700531596 /* Responses */ = {
			isa = PBXGroup;
			children = (
				E1FFA0C814842AB700531596 /* HTTPAsyncFileResponse.h */,
				E1FFA0C914842AB700531596 /* HTTPAsyncFileResponse.m */,
				E1FFA0CA14842AB700531596 /* HTTPDataResponse.h */,
				E1FFA0CB14842AB700531596 /* HTTPDataResponse.m */,
				E1FFA0CC14842AB700531596 /* HTTPDynamicFileResponse.h */,
				E1FFA0CD14842AB700531596 /* HTTPDynamicFileResponse.m */,
				E1FFA0CE14842AB700531596 /* HTTPFileResponse.h */,
				E1FFA0CF14842AB700531596 /* HTTPFileResponse.m */,
				E1FFA0D014842AB700531596 /* HTTPRedirectResponse.h */,
				E1FFA0D114842AB700531596 /* HTTPRedirectResponse.m */,
			);
			path = Responses;
			sourceTree = "<group>";
		};
		E1FFA18A14842AB700531596 /* Vendor */ = {
			isa = PBXGroup;
			children = (
				E1FFA18B14842AB700531596 /* CocoaAsyncSocket */,
				E1FFA18F14842AB700531596 /* CocoaLumberjack */,
			);
			path = Vendor;
			sourceTree = "<group>";
		};
		E1FFA18B14842AB700531596 /* CocoaAsyncSocket */ = {
			isa = PBXGroup;
			children = (
				E1FFA18C14842AB700531596 /* About.txt */,
				E1FFA18D14842AB700531596 /* GCDAsyncSocket.h */,
				E1FFA18E14842AB700531596 /* GCDAsyncSocket.m */,
			);
			path = CocoaAsyncSocket;
			sourceTree = "<group>";
		};
		E1FFA18F14842AB700531596 /* CocoaLumberjack */ = {
			isa = PBXGroup;
			children = (
				E1FFA19014842AB700531596 /* About.txt */,
				E1FFA19114842AB700531596 /* DDAbstractDatabaseLogger.h */,
				E1FFA19214842AB700531596 /* DDAbstractDatabaseLogger.m */,
				E1FFA19314842AB700531596 /* DDASLLogger.h */,
				E1FFA19414842AB700531596 /* DDASLLogger.m */,
				E1FFA19514842AB700531596 /* DDFileLogger.h */,
				E1FFA19614842AB700531596 /* DDFileLogger.m */,
				E1FFA19714842AB700531596 /* DDLog.h */,
				E1FFA19814842AB700531596 /* DDLog.m */,
				E1FFA19914842AB700531596 /* DDTTYLogger.h */,
				E1FFA19A14842AB700531596 /* DDTTYLogger.m */,
			);
			path = CocoaLumberjack;
			sourceTree = "<group>";
		};
		E1FFA19B14842AB700531596 /* Externals */ = {
			isa = PBXGroup;
			children = (
				E1FFA19C14842AB700531596 /* Colloquy */,
			);
			name = Externals;
			path = ../../../Externals;
			sourceTree = "<group>";
		};
		E1FFA19C14842AB700531596 /* Colloquy */ = {
			isa = PBXGroup;
			children = (
				E1FFA19D14842AB700531596 /* NSDataAdditions.h */,
				E1FFA19E14842AB700531596 /* NSDataAdditions.m */,
			);
			path = Colloquy;
			sourceTree = "<group>";
		};
		E1FFA19F14842AB700531596 /* JSON-Framework */ = {
			isa = PBXGroup;
			children = (
				E1FFA1A214842AB700531596 /* Classes */,
				E1FFA1E514842AB700531596 /* LICENSE */,
			);
			name = "JSON-Framework";
			path = "../../../JSON-Framework";
			sourceTree = "<group>";
		};
		E1FFA1A214842AB700531596 /* Classes */ = {
			isa = PBXGroup;
			children = (
				E1FFA1A314842AB700531596 /* NSObject+SBJson.h */,
				E1FFA1A414842AB700531596 /* NSObject+SBJson.m */,
				E1FFA1A514842AB700531596 /* SBJson.h */,
				E1FFA1A614842AB700531596 /* SBJsonParser.h */,
				E1FFA1A714842AB700531596 /* SBJsonParser.m */,
				E1FFA1A814842AB700531596 /* SBJsonStreamParser.h */,
				E1FFA1A914842AB700531596 /* SBJsonStreamParser.m */,
				E1FFA1AA14842AB700531596 /* SBJsonStreamParserAccumulator.h */,
				E1FFA1AB14842AB700531596 /* SBJsonStreamParserAccumulator.m */,
				E1FFA1AC14842AB700531596 /* SBJsonStreamParserAdapter.h */,
				E1FFA1AD14842AB700531596 /* SBJsonStreamParserAdapter.m */,
				E1FFA1AE14842AB700531596 /* SBJsonStreamParserState.h */,
				E1FFA1AF14842AB700531596 /* SBJsonStreamParserState.m */,
				E1FFA1B014842AB700531596 /* SBJsonStreamWriter.h */,
				E1FFA1B114842AB700531596 /* SBJsonStreamWriter.m */,
				E1FFA1B214842AB700531596 /* SBJsonStreamWriterAccumulator.h */,
				E1FFA1B314842AB700531596 /* SBJsonStreamWriterAccumulator.m */,
				E1FFA1B414842AB700531596 /* SBJsonStreamWriterState.h */,
				E1FFA1B514842AB700531596 /* SBJsonStreamWriterState.m */,
				E1FFA1B614842AB700531596 /* SBJsonTokeniser.h */,
				E1FFA1B714842AB700531596 /* SBJsonTokeniser.m */,
				E1FFA1B814842AB700531596 /* SBJsonUTF8Stream.h */,
				E1FFA1B914842AB700531596 /* SBJsonUTF8Stream.m */,
				E1FFA1BA14842AB700531596 /* SBJsonWriter.h */,
				E1FFA1BB14842AB700531596 /* SBJsonWriter.m */,
			);
			path = Classes;
			sourceTree = "<group>";
		};
/* End PBXGroup section */

/* Begin PBXHeadersBuildPhase section */
		E1FFA08D14842A4300531596 /* Headers */ = {
			isa = PBXHeadersBuildPhase;
			buildActionMask = 2147483647;
			files = (
				E1FFA0A914842AA600531596 /* NSString_RESTAddition.h in Headers */,
				E1FFA0AB14842AA600531596 /* ObjectiveREST.h in Headers */,
				E1FFA0AC14842AA600531596 /* RESTConnection.h in Headers */,
				E1FFA0AE14842AA600531596 /* RESTManagedObject.h in Headers */,
				E1FFA0AF14842AA600531596 /* RESTManager.h in Headers */,
				E1FFA0B114842AA600531596 /* RESTPrivateSettings.h in Headers */,
				E1FFA37214842AB800531596 /* DDData.h in Headers */,
				E1FFA37414842AB800531596 /* DDNumber.h in Headers */,
				E1FFA37614842AB800531596 /* DDRange.h in Headers */,
				E1FFA37814842AB800531596 /* HTTPAuthenticationRequest.h in Headers */,
				E1FFA37A14842AB800531596 /* HTTPConnection.h in Headers */,
				E1FFA37C14842AB800531596 /* HTTPLogging.h in Headers */,
				E1FFA37D14842AB800531596 /* HTTPMessage.h in Headers */,
				E1FFA37F14842AB800531596 /* HTTPResponse.h in Headers */,
				E1FFA38014842AB800531596 /* HTTPServer.h in Headers */,
				E1FFA38214842AB800531596 /* HTTPAsyncFileResponse.h in Headers */,
				E1FFA38414842AB800531596 /* HTTPDataResponse.h in Headers */,
				E1FFA38614842AB800531596 /* HTTPDynamicFileResponse.h in Headers */,
				E1FFA38814842AB800531596 /* HTTPFileResponse.h in Headers */,
				E1FFA38A14842AB800531596 /* HTTPRedirectResponse.h in Headers */,
				E1FFA38C14842AB800531596 /* WebSocket.h in Headers */,
				E1FFA3D614842AB800531596 /* GCDAsyncSocket.h in Headers */,
				E1FFA3D814842AB800531596 /* DDAbstractDatabaseLogger.h in Headers */,
				E1FFA3DA14842AB800531596 /* DDASLLogger.h in Headers */,
				E1FFA3DC14842AB800531596 /* DDFileLogger.h in Headers */,
				E1FFA3DE14842AB800531596 /* DDLog.h in Headers */,
				E1FFA3E014842AB800531596 /* DDTTYLogger.h in Headers */,
				E1FFA3E214842AB800531596 /* NSDataAdditions.h in Headers */,
				E1FFA3E414842AB800531596 /* NSObject+SBJson.h in Headers */,
				E1FFA3E614842AB800531596 /* SBJson.h in Headers */,
				E1FFA3E714842AB800531596 /* SBJsonParser.h in Headers */,
				E1FFA3E914842AB800531596 /* SBJsonStreamParser.h in Headers */,
				E1FFA3EB14842AB800531596 /* SBJsonStreamParserAccumulator.h in Headers */,
				E1FFA3ED14842AB800531596 /* SBJsonStreamParserAdapter.h in Headers */,
				E1FFA3EF14842AB800531596 /* SBJsonStreamParserState.h in Headers */,
				E1FFA3F114842AB800531596 /* SBJsonStreamWriter.h in Headers */,
				E1FFA3F314842AB800531596 /* SBJsonStreamWriterAccumulator.h in Headers */,
				E1FFA3F514842AB800531596 /* SBJsonStreamWriterState.h in Headers */,
				E1FFA3F714842AB800531596 /* SBJsonTokeniser.h in Headers */,
				E1FFA3F914842AB800531596 /* SBJsonUTF8Stream.h in Headers */,
				E1FFA3FB14842AB800531596 /* SBJsonWriter.h in Headers */,
				E1B4081B14854B7B00448CEC /* RESTClient.h in Headers */,
			);
			runOnlyForDeploymentPostprocessing = 0;
		};
/* End PBXHeadersBuildPhase section */

/* Begin PBXNativeTarget section */
		E1FFA08E14842A4300531596 /* ObjectiveREST */ = {
			isa = PBXNativeTarget;
			buildConfigurationList = E1FFA09C14842A4300531596 /* Build configuration list for PBXNativeTarget "ObjectiveREST" */;
			buildPhases = (
				E1FFA08B14842A4300531596 /* Sources */,
				E1FFA08C14842A4300531596 /* Frameworks */,
				E1FFA08D14842A4300531596 /* Headers */,
			);
			buildRules = (
			);
			dependencies = (
			);
			name = ObjectiveREST;
			productName = ObjectiveREST;
			productReference = E1FFA08F14842A4300531596 /* libObjectiveREST.a */;
			productType = "com.apple.product-type.library.static";
		};
/* End PBXNativeTarget section */

/* Begin PBXProject section */
		E1FFA08614842A4300531596 /* Project object */ = {
			isa = PBXProject;
			attributes = {
				LastUpgradeCheck = 0420;
				ORGANIZATIONNAME = "iNig-Services";
			};
			buildConfigurationList = E1FFA08914842A4300531596 /* Build configuration list for PBXProject "ObjectiveREST iOS" */;
			compatibilityVersion = "Xcode 3.2";
			developmentRegion = English;
			hasScannedForEncodings = 0;
			knownRegions = (
				en,
				English,
			);
			mainGroup = E1FFA08414842A4300531596;
			productRefGroup = E1FFA09014842A4300531596 /* Products */;
			projectDirPath = "";
			projectRoot = "";
			targets = (
				E1FFA08E14842A4300531596 /* ObjectiveREST */,
			);
		};
/* End PBXProject section */

/* Begin PBXSourcesBuildPhase section */
		E1FFA08B14842A4300531596 /* Sources */ = {
			isa = PBXSourcesBuildPhase;
			buildActionMask = 2147483647;
			files = (
				E1FFA0AA14842AA600531596 /* NSString_RESTAddition.m in Sources */,
				E1FFA0AD14842AA600531596 /* RESTConnection.m in Sources */,
				E1FFA0B014842AA600531596 /* RESTManager.m in Sources */,
				E1FFA37314842AB800531596 /* DDData.m in Sources */,
				E1FFA37514842AB800531596 /* DDNumber.m in Sources */,
				E1FFA37714842AB800531596 /* DDRange.m in Sources */,
				E1FFA37914842AB800531596 /* HTTPAuthenticationRequest.m in Sources */,
				E1FFA37B14842AB800531596 /* HTTPConnection.m in Sources */,
				E1FFA37E14842AB800531596 /* HTTPMessage.m in Sources */,
				E1FFA38114842AB800531596 /* HTTPServer.m in Sources */,
				E1FFA38314842AB800531596 /* HTTPAsyncFileResponse.m in Sources */,
				E1FFA38514842AB800531596 /* HTTPDataResponse.m in Sources */,
				E1FFA38714842AB800531596 /* HTTPDynamicFileResponse.m in Sources */,
				E1FFA38914842AB800531596 /* HTTPFileResponse.m in Sources */,
				E1FFA38B14842AB800531596 /* HTTPRedirectResponse.m in Sources */,
				E1FFA38D14842AB800531596 /* WebSocket.m in Sources */,
				E1FFA3D714842AB800531596 /* GCDAsyncSocket.m in Sources */,
				E1FFA3D914842AB800531596 /* DDAbstractDatabaseLogger.m in Sources */,
				E1FFA3DB14842AB800531596 /* DDASLLogger.m in Sources */,
				E1FFA3DD14842AB800531596 /* DDFileLogger.m in Sources */,
				E1FFA3DF14842AB800531596 /* DDLog.m in Sources */,
				E1FFA3E114842AB800531596 /* DDTTYLogger.m in Sources */,
				E1FFA3E314842AB800531596 /* NSDataAdditions.m in Sources */,
				E1FFA3E514842AB800531596 /* NSObject+SBJson.m in Sources */,
				E1FFA3E814842AB800531596 /* SBJsonParser.m in Sources */,
				E1FFA3EA14842AB800531596 /* SBJsonStreamParser.m in Sources */,
				E1FFA3EC14842AB800531596 /* SBJsonStreamParserAccumulator.m in Sources */,
				E1FFA3EE14842AB800531596 /* SBJsonStreamParserAdapter.m in Sources */,
				E1FFA3F014842AB800531596 /* SBJsonStreamParserState.m in Sources */,
				E1FFA3F214842AB800531596 /* SBJsonStreamWriter.m in Sources */,
				E1FFA3F414842AB800531596 /* SBJsonStreamWriterAccumulator.m in Sources */,
				E1FFA3F614842AB800531596 /* SBJsonStreamWriterState.m in Sources */,
				E1FFA3F814842AB800531596 /* SBJsonTokeniser.m in Sources */,
				E1FFA3FA14842AB800531596 /* SBJsonUTF8Stream.m in Sources */,
				E1FFA3FC14842AB800531596 /* SBJsonWriter.m in Sources */,
				E1B4081C14854B7B00448CEC /* RESTClient.m in Sources */,
			);
			runOnlyForDeploymentPostprocessing = 0;
		};
/* End PBXSourcesBuildPhase section */

/* Begin XCBuildConfiguration section */
		E1FFA09A14842A4300531596 /* Debug */ = {
			isa = XCBuildConfiguration;
			buildSettings = {
				ALWAYS_SEARCH_USER_PATHS = NO;
				ARCHS = "$(ARCHS_STANDARD_32_BIT)";
				COPY_PHASE_STRIP = NO;
				GCC_C_LANGUAGE_STANDARD = gnu99;
				GCC_DYNAMIC_NO_PIC = NO;
				GCC_OPTIMIZATION_LEVEL = 0;
				GCC_PREPROCESSOR_DEFINITIONS = (
					"DEBUG=1",
					"$(inherited)",
				);
				GCC_SYMBOLS_PRIVATE_EXTERN = NO;
				GCC_VERSION = com.apple.compilers.llvm.clang.1_0;
				GCC_WARN_ABOUT_MISSING_PROTOTYPES = YES;
				GCC_WARN_ABOUT_RETURN_TYPE = YES;
				GCC_WARN_UNUSED_VARIABLE = YES;
				IPHONEOS_DEPLOYMENT_TARGET = 5.0;
				SDKROOT = iphoneos;
			};
			name = Debug;
		};
		E1FFA09B14842A4300531596 /* Release */ = {
			isa = XCBuildConfiguration;
			buildSettings = {
				ALWAYS_SEARCH_USER_PATHS = NO;
				ARCHS = "$(ARCHS_STANDARD_32_BIT)";
				COPY_PHASE_STRIP = YES;
				GCC_C_LANGUAGE_STANDARD = gnu99;
				GCC_VERSION = com.apple.compilers.llvm.clang.1_0;
				GCC_WARN_ABOUT_MISSING_PROTOTYPES = YES;
				GCC_WARN_ABOUT_RETURN_TYPE = YES;
				GCC_WARN_UNUSED_VARIABLE = YES;
				IPHONEOS_DEPLOYMENT_TARGET = 5.0;
				SDKROOT = iphoneos;
				VALIDATE_PRODUCT = YES;
			};
			name = Release;
		};
		E1FFA09D14842A4300531596 /* Debug */ = {
			isa = XCBuildConfiguration;
			buildSettings = {
				DSTROOT = /tmp/ObjectiveREST.dst;
				GCC_PRECOMPILE_PREFIX_HEADER = YES;
				GCC_PREFIX_HEADER = "ObjectiveREST/ObjectiveREST-Prefix.pch";
				OTHER_LDFLAGS = "-ObjC";
				PRODUCT_NAME = "$(TARGET_NAME)";
				SKIP_INSTALL = YES;
			};
			name = Debug;
		};
		E1FFA09E14842A4300531596 /* Release */ = {
			isa = XCBuildConfiguration;
			buildSettings = {
				DSTROOT = /tmp/ObjectiveREST.dst;
				GCC_PRECOMPILE_PREFIX_HEADER = YES;
				GCC_PREFIX_HEADER = "ObjectiveREST/ObjectiveREST-Prefix.pch";
				OTHER_LDFLAGS = "-ObjC";
				PRODUCT_NAME = "$(TARGET_NAME)";
				SKIP_INSTALL = YES;
			};
			name = Release;
		};
/* End XCBuildConfiguration section */

/* Begin XCConfigurationList section */
		E1FFA08914842A4300531596 /* Build configuration list for PBXProject "ObjectiveREST iOS" */ = {
			isa = XCConfigurationList;
			buildConfigurations = (
				E1FFA09A14842A4300531596 /* Debug */,
				E1FFA09B14842A4300531596 /* Release */,
			);
			defaultConfigurationIsVisible = 0;
			defaultConfigurationName = Release;
		};
		E1FFA09C14842A4300531596 /* Build configuration list for PBXNativeTarget "ObjectiveREST" */ = {
			isa = XCConfigurationList;
			buildConfigurations = (
				E1FFA09D14842A4300531596 /* Debug */,
				E1FFA09E14842A4300531596 /* Release */,
			);
			defaultConfigurationIsVisible = 0;
			defaultConfigurationName = Release;
		};
/* End XCConfigurationList section */
	};
	rootObject = E1FFA08614842A4300531596 /* Project object */;
}
