// !$*UTF8*$!
{
	archiveVersion = 1;
	classes = {
	};
	objectVersion = 46;
	objects = {

/* Begin PBXBuildFile section */
		E194D21C14755C0300D81F4D /* Cocoa.framework in Frameworks */ = {isa = PBXBuildFile; fileRef = E194D21B14755C0300D81F4D /* Cocoa.framework */; };
		E194D22614755C0300D81F4D /* InfoPlist.strings in Resources */ = {isa = PBXBuildFile; fileRef = E194D22414755C0300D81F4D /* InfoPlist.strings */; };
		E194D22814755C0300D81F4D /* main.m in Sources */ = {isa = PBXBuildFile; fileRef = E194D22714755C0300D81F4D /* main.m */; };
		E194D22C14755C0300D81F4D /* Credits.rtf in Resources */ = {isa = PBXBuildFile; fileRef = E194D22A14755C0300D81F4D /* Credits.rtf */; };
		E194D22F14755C0300D81F4D /* ORAppDelegate.m in Sources */ = {isa = PBXBuildFile; fileRef = E194D22E14755C0300D81F4D /* ORAppDelegate.m */; };
		E194D23214755C0400D81F4D /* MainMenu.xib in Resources */ = {isa = PBXBuildFile; fileRef = E194D23014755C0400D81F4D /* MainMenu.xib */; };
		E194D23514755C0400D81F4D /* ObjectiveREST_Test_App.xcdatamodeld in Sources */ = {isa = PBXBuildFile; fileRef = E194D23314755C0400D81F4D /* ObjectiveREST_Test_App.xcdatamodeld */; };
		E194D23D1475798800D81F4D /* NSOutlineView_Additions.m in Sources */ = {isa = PBXBuildFile; fileRef = E194D23C1475798800D81F4D /* NSOutlineView_Additions.m */; };
		E1CCB7C41475A24E0087EFF2 /* NSObject+SBJson.m in Sources */ = {isa = PBXBuildFile; fileRef = E1CCB7AC1475A24E0087EFF2 /* NSObject+SBJson.m */; };
		E1CCB7C51475A24E0087EFF2 /* SBJsonParser.m in Sources */ = {isa = PBXBuildFile; fileRef = E1CCB7AF1475A24E0087EFF2 /* SBJsonParser.m */; };
		E1CCB7C61475A24E0087EFF2 /* SBJsonStreamParser.m in Sources */ = {isa = PBXBuildFile; fileRef = E1CCB7B11475A24E0087EFF2 /* SBJsonStreamParser.m */; };
		E1CCB7C71475A24E0087EFF2 /* SBJsonStreamParserAccumulator.m in Sources */ = {isa = PBXBuildFile; fileRef = E1CCB7B31475A24E0087EFF2 /* SBJsonStreamParserAccumulator.m */; };
		E1CCB7C81475A24E0087EFF2 /* SBJsonStreamParserAdapter.m in Sources */ = {isa = PBXBuildFile; fileRef = E1CCB7B51475A24E0087EFF2 /* SBJsonStreamParserAdapter.m */; };
		E1CCB7C91475A24E0087EFF2 /* SBJsonStreamParserState.m in Sources */ = {isa = PBXBuildFile; fileRef = E1CCB7B71475A24E0087EFF2 /* SBJsonStreamParserState.m */; };
		E1CCB7CA1475A24E0087EFF2 /* SBJsonStreamWriter.m in Sources */ = {isa = PBXBuildFile; fileRef = E1CCB7B91475A24E0087EFF2 /* SBJsonStreamWriter.m */; };
		E1CCB7CB1475A24E0087EFF2 /* SBJsonStreamWriterAccumulator.m in Sources */ = {isa = PBXBuildFile; fileRef = E1CCB7BB1475A24E0087EFF2 /* SBJsonStreamWriterAccumulator.m */; };
		E1CCB7CC1475A24E0087EFF2 /* SBJsonStreamWriterState.m in Sources */ = {isa = PBXBuildFile; fileRef = E1CCB7BD1475A24E0087EFF2 /* SBJsonStreamWriterState.m */; };
		E1CCB7CD1475A24E0087EFF2 /* SBJsonTokeniser.m in Sources */ = {isa = PBXBuildFile; fileRef = E1CCB7BF1475A24E0087EFF2 /* SBJsonTokeniser.m */; };
		E1CCB7CE1475A24E0087EFF2 /* SBJsonUTF8Stream.m in Sources */ = {isa = PBXBuildFile; fileRef = E1CCB7C11475A24E0087EFF2 /* SBJsonUTF8Stream.m */; };
		E1CCB7CF1475A24E0087EFF2 /* SBJsonWriter.m in Sources */ = {isa = PBXBuildFile; fileRef = E1CCB7C31475A24E0087EFF2 /* SBJsonWriter.m */; };
		E1CCB7D21475A67C0087EFF2 /* RESTManager.m in Sources */ = {isa = PBXBuildFile; fileRef = E1CCB7D11475A67C0087EFF2 /* RESTManager.m */; };
		E1CCB7E11475BFE50087EFF2 /* NSManagedObject+Additions.m in Sources */ = {isa = PBXBuildFile; fileRef = E1CCB7E01475BFE50087EFF2 /* NSManagedObject+Additions.m */; };
		E1CCB7E71475C5B50087EFF2 /* PhoneBookEntry.m in Sources */ = {isa = PBXBuildFile; fileRef = E1CCB7E61475C5B40087EFF2 /* PhoneBookEntry.m */; };
		E1CCB7EA1475C5B60087EFF2 /* FoodMenu.m in Sources */ = {isa = PBXBuildFile; fileRef = E1CCB7E91475C5B50087EFF2 /* FoodMenu.m */; };
		E1CCB7ED1475C6580087EFF2 /* NSString-UUID.m in Sources */ = {isa = PBXBuildFile; fileRef = E1CCB7EC1475C6580087EFF2 /* NSString-UUID.m */; };
		E1FC6918147585F200D2052F /* DDData.m in Sources */ = {isa = PBXBuildFile; fileRef = E1FC68EB147585F200D2052F /* DDData.m */; };
		E1FC6919147585F200D2052F /* DDNumber.m in Sources */ = {isa = PBXBuildFile; fileRef = E1FC68ED147585F200D2052F /* DDNumber.m */; };
		E1FC691A147585F200D2052F /* DDRange.m in Sources */ = {isa = PBXBuildFile; fileRef = E1FC68EF147585F200D2052F /* DDRange.m */; };
		E1FC691B147585F200D2052F /* HTTPAuthenticationRequest.m in Sources */ = {isa = PBXBuildFile; fileRef = E1FC68F1147585F200D2052F /* HTTPAuthenticationRequest.m */; };
		E1FC691C147585F200D2052F /* HTTPConnection.m in Sources */ = {isa = PBXBuildFile; fileRef = E1FC68F3147585F200D2052F /* HTTPConnection.m */; };
		E1FC691D147585F200D2052F /* HTTPMessage.m in Sources */ = {isa = PBXBuildFile; fileRef = E1FC68F6147585F200D2052F /* HTTPMessage.m */; };
		E1FC691E147585F200D2052F /* HTTPServer.m in Sources */ = {isa = PBXBuildFile; fileRef = E1FC68F9147585F200D2052F /* HTTPServer.m */; };
		E1FC691F147585F200D2052F /* HTTPAsyncFileResponse.m in Sources */ = {isa = PBXBuildFile; fileRef = E1FC68FC147585F200D2052F /* HTTPAsyncFileResponse.m */; };
		E1FC6920147585F200D2052F /* HTTPDataResponse.m in Sources */ = {isa = PBXBuildFile; fileRef = E1FC68FE147585F200D2052F /* HTTPDataResponse.m */; };
		E1FC6921147585F200D2052F /* HTTPDynamicFileResponse.m in Sources */ = {isa = PBXBuildFile; fileRef = E1FC6900147585F200D2052F /* HTTPDynamicFileResponse.m */; };
		E1FC6922147585F200D2052F /* HTTPFileResponse.m in Sources */ = {isa = PBXBuildFile; fileRef = E1FC6902147585F200D2052F /* HTTPFileResponse.m */; };
		E1FC6923147585F200D2052F /* HTTPRedirectResponse.m in Sources */ = {isa = PBXBuildFile; fileRef = E1FC6904147585F200D2052F /* HTTPRedirectResponse.m */; };
		E1FC6924147585F200D2052F /* WebSocket.m in Sources */ = {isa = PBXBuildFile; fileRef = E1FC6906147585F200D2052F /* WebSocket.m */; };
		E1FC6925147585F200D2052F /* About.txt in Resources */ = {isa = PBXBuildFile; fileRef = E1FC6909147585F200D2052F /* About.txt */; };
		E1FC6926147585F200D2052F /* GCDAsyncSocket.m in Sources */ = {isa = PBXBuildFile; fileRef = E1FC690B147585F200D2052F /* GCDAsyncSocket.m */; };
		E1FC6927147585F200D2052F /* About.txt in Resources */ = {isa = PBXBuildFile; fileRef = E1FC690D147585F200D2052F /* About.txt */; };
		E1FC6928147585F200D2052F /* DDAbstractDatabaseLogger.m in Sources */ = {isa = PBXBuildFile; fileRef = E1FC690F147585F200D2052F /* DDAbstractDatabaseLogger.m */; };
		E1FC6929147585F200D2052F /* DDASLLogger.m in Sources */ = {isa = PBXBuildFile; fileRef = E1FC6911147585F200D2052F /* DDASLLogger.m */; };
		E1FC692A147585F200D2052F /* DDFileLogger.m in Sources */ = {isa = PBXBuildFile; fileRef = E1FC6913147585F200D2052F /* DDFileLogger.m */; };
		E1FC692B147585F200D2052F /* DDLog.m in Sources */ = {isa = PBXBuildFile; fileRef = E1FC6915147585F200D2052F /* DDLog.m */; };
		E1FC692C147585F200D2052F /* DDTTYLogger.m in Sources */ = {isa = PBXBuildFile; fileRef = E1FC6917147585F200D2052F /* DDTTYLogger.m */; };
		E1FC692F147586E700D2052F /* RESTConnection.m in Sources */ = {isa = PBXBuildFile; fileRef = E1FC692E147586E700D2052F /* RESTConnection.m */; };
		E1FC6931147587CE00D2052F /* Security.framework in Frameworks */ = {isa = PBXBuildFile; fileRef = E1FC6930147587CE00D2052F /* Security.framework */; };
/* End PBXBuildFile section */

/* Begin PBXFileReference section */
		E194D21714755C0300D81F4D /* ObjectiveREST Test App.app */ = {isa = PBXFileReference; explicitFileType = wrapper.application; includeInIndex = 0; path = "ObjectiveREST Test App.app"; sourceTree = BUILT_PRODUCTS_DIR; };
		E194D21B14755C0300D81F4D /* Cocoa.framework */ = {isa = PBXFileReference; lastKnownFileType = wrapper.framework; name = Cocoa.framework; path = System/Library/Frameworks/Cocoa.framework; sourceTree = SDKROOT; };
		E194D21E14755C0300D81F4D /* AppKit.framework */ = {isa = PBXFileReference; lastKnownFileType = wrapper.framework; name = AppKit.framework; path = System/Library/Frameworks/AppKit.framework; sourceTree = SDKROOT; };
		E194D21F14755C0300D81F4D /* CoreData.framework */ = {isa = PBXFileReference; lastKnownFileType = wrapper.framework; name = CoreData.framework; path = System/Library/Frameworks/CoreData.framework; sourceTree = SDKROOT; };
		E194D22014755C0300D81F4D /* Foundation.framework */ = {isa = PBXFileReference; lastKnownFileType = wrapper.framework; name = Foundation.framework; path = System/Library/Frameworks/Foundation.framework; sourceTree = SDKROOT; };
		E194D22314755C0300D81F4D /* ObjectiveREST Test App-Info.plist */ = {isa = PBXFileReference; lastKnownFileType = text.plist.xml; path = "ObjectiveREST Test App-Info.plist"; sourceTree = "<group>"; };
		E194D22514755C0300D81F4D /* en */ = {isa = PBXFileReference; lastKnownFileType = text.plist.strings; name = en; path = en.lproj/InfoPlist.strings; sourceTree = "<group>"; };
		E194D22714755C0300D81F4D /* main.m */ = {isa = PBXFileReference; lastKnownFileType = sourcecode.c.objc; path = main.m; sourceTree = "<group>"; };
		E194D22914755C0300D81F4D /* ObjectiveREST Test App-Prefix.pch */ = {isa = PBXFileReference; lastKnownFileType = sourcecode.c.h; path = "ObjectiveREST Test App-Prefix.pch"; sourceTree = "<group>"; };
		E194D22B14755C0300D81F4D /* en */ = {isa = PBXFileReference; lastKnownFileType = text.rtf; name = en; path = en.lproj/Credits.rtf; sourceTree = "<group>"; };
		E194D22D14755C0300D81F4D /* ORAppDelegate.h */ = {isa = PBXFileReference; lastKnownFileType = sourcecode.c.h; path = ORAppDelegate.h; sourceTree = "<group>"; };
		E194D22E14755C0300D81F4D /* ORAppDelegate.m */ = {isa = PBXFileReference; lastKnownFileType = sourcecode.c.objc; path = ORAppDelegate.m; sourceTree = "<group>"; };
		E194D23114755C0400D81F4D /* en */ = {isa = PBXFileReference; lastKnownFileType = file.xib; name = en; path = en.lproj/MainMenu.xib; sourceTree = "<group>"; };
		E194D23414755C0400D81F4D /* ObjectiveREST_Test_App.xcdatamodel */ = {isa = PBXFileReference; lastKnownFileType = wrapper.xcdatamodel; path = ObjectiveREST_Test_App.xcdatamodel; sourceTree = "<group>"; };
		E194D23B1475798800D81F4D /* NSOutlineView_Additions.h */ = {isa = PBXFileReference; fileEncoding = 4; lastKnownFileType = sourcecode.c.h; path = NSOutlineView_Additions.h; sourceTree = "<group>"; };
		E194D23C1475798800D81F4D /* NSOutlineView_Additions.m */ = {isa = PBXFileReference; fileEncoding = 4; lastKnownFileType = sourcecode.c.objc; path = NSOutlineView_Additions.m; sourceTree = "<group>"; };
		E1CCB7AB1475A24E0087EFF2 /* NSObject+SBJson.h */ = {isa = PBXFileReference; fileEncoding = 4; lastKnownFileType = sourcecode.c.h; path = "NSObject+SBJson.h"; sourceTree = "<group>"; };
		E1CCB7AC1475A24E0087EFF2 /* NSObject+SBJson.m */ = {isa = PBXFileReference; fileEncoding = 4; lastKnownFileType = sourcecode.c.objc; path = "NSObject+SBJson.m"; sourceTree = "<group>"; };
		E1CCB7AD1475A24E0087EFF2 /* SBJson.h */ = {isa = PBXFileReference; fileEncoding = 4; lastKnownFileType = sourcecode.c.h; path = SBJson.h; sourceTree = "<group>"; };
		E1CCB7AE1475A24E0087EFF2 /* SBJsonParser.h */ = {isa = PBXFileReference; fileEncoding = 4; lastKnownFileType = sourcecode.c.h; path = SBJsonParser.h; sourceTree = "<group>"; };
		E1CCB7AF1475A24E0087EFF2 /* SBJsonParser.m */ = {isa = PBXFileReference; fileEncoding = 4; lastKnownFileType = sourcecode.c.objc; path = SBJsonParser.m; sourceTree = "<group>"; };
		E1CCB7B01475A24E0087EFF2 /* SBJsonStreamParser.h */ = {isa = PBXFileReference; fileEncoding = 4; lastKnownFileType = sourcecode.c.h; path = SBJsonStreamParser.h; sourceTree = "<group>"; };
		E1CCB7B11475A24E0087EFF2 /* SBJsonStreamParser.m */ = {isa = PBXFileReference; fileEncoding = 4; lastKnownFileType = sourcecode.c.objc; path = SBJsonStreamParser.m; sourceTree = "<group>"; };
		E1CCB7B21475A24E0087EFF2 /* SBJsonStreamParserAccumulator.h */ = {isa = PBXFileReference; fileEncoding = 4; lastKnownFileType = sourcecode.c.h; path = SBJsonStreamParserAccumulator.h; sourceTree = "<group>"; };
		E1CCB7B31475A24E0087EFF2 /* SBJsonStreamParserAccumulator.m */ = {isa = PBXFileReference; fileEncoding = 4; lastKnownFileType = sourcecode.c.objc; path = SBJsonStreamParserAccumulator.m; sourceTree = "<group>"; };
		E1CCB7B41475A24E0087EFF2 /* SBJsonStreamParserAdapter.h */ = {isa = PBXFileReference; fileEncoding = 4; lastKnownFileType = sourcecode.c.h; path = SBJsonStreamParserAdapter.h; sourceTree = "<group>"; };
		E1CCB7B51475A24E0087EFF2 /* SBJsonStreamParserAdapter.m */ = {isa = PBXFileReference; fileEncoding = 4; lastKnownFileType = sourcecode.c.objc; path = SBJsonStreamParserAdapter.m; sourceTree = "<group>"; };
		E1CCB7B61475A24E0087EFF2 /* SBJsonStreamParserState.h */ = {isa = PBXFileReference; fileEncoding = 4; lastKnownFileType = sourcecode.c.h; path = SBJsonStreamParserState.h; sourceTree = "<group>"; };
		E1CCB7B71475A24E0087EFF2 /* SBJsonStreamParserState.m */ = {isa = PBXFileReference; fileEncoding = 4; lastKnownFileType = sourcecode.c.objc; path = SBJsonStreamParserState.m; sourceTree = "<group>"; };
		E1CCB7B81475A24E0087EFF2 /* SBJsonStreamWriter.h */ = {isa = PBXFileReference; fileEncoding = 4; lastKnownFileType = sourcecode.c.h; path = SBJsonStreamWriter.h; sourceTree = "<group>"; };
		E1CCB7B91475A24E0087EFF2 /* SBJsonStreamWriter.m */ = {isa = PBXFileReference; fileEncoding = 4; lastKnownFileType = sourcecode.c.objc; path = SBJsonStreamWriter.m; sourceTree = "<group>"; };
		E1CCB7BA1475A24E0087EFF2 /* SBJsonStreamWriterAccumulator.h */ = {isa = PBXFileReference; fileEncoding = 4; lastKnownFileType = sourcecode.c.h; path = SBJsonStreamWriterAccumulator.h; sourceTree = "<group>"; };
		E1CCB7BB1475A24E0087EFF2 /* SBJsonStreamWriterAccumulator.m */ = {isa = PBXFileReference; fileEncoding = 4; lastKnownFileType = sourcecode.c.objc; path = SBJsonStreamWriterAccumulator.m; sourceTree = "<group>"; };
		E1CCB7BC1475A24E0087EFF2 /* SBJsonStreamWriterState.h */ = {isa = PBXFileReference; fileEncoding = 4; lastKnownFileType = sourcecode.c.h; path = SBJsonStreamWriterState.h; sourceTree = "<group>"; };
		E1CCB7BD1475A24E0087EFF2 /* SBJsonStreamWriterState.m */ = {isa = PBXFileReference; fileEncoding = 4; lastKnownFileType = sourcecode.c.objc; path = SBJsonStreamWriterState.m; sourceTree = "<group>"; };
		E1CCB7BE1475A24E0087EFF2 /* SBJsonTokeniser.h */ = {isa = PBXFileReference; fileEncoding = 4; lastKnownFileType = sourcecode.c.h; path = SBJsonTokeniser.h; sourceTree = "<group>"; };
		E1CCB7BF1475A24E0087EFF2 /* SBJsonTokeniser.m */ = {isa = PBXFileReference; fileEncoding = 4; lastKnownFileType = sourcecode.c.objc; path = SBJsonTokeniser.m; sourceTree = "<group>"; };
		E1CCB7C01475A24E0087EFF2 /* SBJsonUTF8Stream.h */ = {isa = PBXFileReference; fileEncoding = 4; lastKnownFileType = sourcecode.c.h; path = SBJsonUTF8Stream.h; sourceTree = "<group>"; };
		E1CCB7C11475A24E0087EFF2 /* SBJsonUTF8Stream.m */ = {isa = PBXFileReference; fileEncoding = 4; lastKnownFileType = sourcecode.c.objc; path = SBJsonUTF8Stream.m; sourceTree = "<group>"; };
		E1CCB7C21475A24E0087EFF2 /* SBJsonWriter.h */ = {isa = PBXFileReference; fileEncoding = 4; lastKnownFileType = sourcecode.c.h; path = SBJsonWriter.h; sourceTree = "<group>"; };
		E1CCB7C31475A24E0087EFF2 /* SBJsonWriter.m */ = {isa = PBXFileReference; fileEncoding = 4; lastKnownFileType = sourcecode.c.objc; path = SBJsonWriter.m; sourceTree = "<group>"; };
		E1CCB7D01475A67C0087EFF2 /* RESTManager.h */ = {isa = PBXFileReference; fileEncoding = 4; lastKnownFileType = sourcecode.c.h; path = RESTManager.h; sourceTree = "<group>"; };
		E1CCB7D11475A67C0087EFF2 /* RESTManager.m */ = {isa = PBXFileReference; fileEncoding = 4; lastKnownFileType = sourcecode.c.objc; path = RESTManager.m; sourceTree = "<group>"; };
		E1CCB7DF1475BFE50087EFF2 /* NSManagedObject+Additions.h */ = {isa = PBXFileReference; fileEncoding = 4; lastKnownFileType = sourcecode.c.h; path = "NSManagedObject+Additions.h"; sourceTree = "<group>"; };
		E1CCB7E01475BFE50087EFF2 /* NSManagedObject+Additions.m */ = {isa = PBXFileReference; fileEncoding = 4; lastKnownFileType = sourcecode.c.objc; path = "NSManagedObject+Additions.m"; sourceTree = "<group>"; };
		E1CCB7E31475C0BA0087EFF2 /* RESTManagedObject.h */ = {isa = PBXFileReference; fileEncoding = 4; lastKnownFileType = sourcecode.c.h; path = RESTManagedObject.h; sourceTree = "<group>"; };
		E1CCB7E51475C5B40087EFF2 /* PhoneBookEntry.h */ = {isa = PBXFileReference; fileEncoding = 4; lastKnownFileType = sourcecode.c.h; path = PhoneBookEntry.h; sourceTree = "<group>"; };
		E1CCB7E61475C5B40087EFF2 /* PhoneBookEntry.m */ = {isa = PBXFileReference; fileEncoding = 4; lastKnownFileType = sourcecode.c.objc; path = PhoneBookEntry.m; sourceTree = "<group>"; };
		E1CCB7E81475C5B50087EFF2 /* FoodMenu.h */ = {isa = PBXFileReference; fileEncoding = 4; lastKnownFileType = sourcecode.c.h; path = FoodMenu.h; sourceTree = "<group>"; };
		E1CCB7E91475C5B50087EFF2 /* FoodMenu.m */ = {isa = PBXFileReference; fileEncoding = 4; lastKnownFileType = sourcecode.c.objc; path = FoodMenu.m; sourceTree = "<group>"; };
		E1CCB7EB1475C6580087EFF2 /* NSString-UUID.h */ = {isa = PBXFileReference; fileEncoding = 4; lastKnownFileType = sourcecode.c.h; path = "NSString-UUID.h"; sourceTree = "<group>"; };
		E1CCB7EC1475C6580087EFF2 /* NSString-UUID.m */ = {isa = PBXFileReference; fileEncoding = 4; lastKnownFileType = sourcecode.c.objc; path = "NSString-UUID.m"; sourceTree = "<group>"; };
		E1CCB7EE1475C6C40087EFF2 /* ObjectiveREST_Test_App ORReady.xcdatamodel */ = {isa = PBXFileReference; lastKnownFileType = wrapper.xcdatamodel; path = "ObjectiveREST_Test_App ORReady.xcdatamodel"; sourceTree = "<group>"; };
		E1FC68EA147585F200D2052F /* DDData.h */ = {isa = PBXFileReference; fileEncoding = 4; lastKnownFileType = sourcecode.c.h; path = DDData.h; sourceTree = "<group>"; };
		E1FC68EB147585F200D2052F /* DDData.m */ = {isa = PBXFileReference; fileEncoding = 4; lastKnownFileType = sourcecode.c.objc; path = DDData.m; sourceTree = "<group>"; };
		E1FC68EC147585F200D2052F /* DDNumber.h */ = {isa = PBXFileReference; fileEncoding = 4; lastKnownFileType = sourcecode.c.h; path = DDNumber.h; sourceTree = "<group>"; };
		E1FC68ED147585F200D2052F /* DDNumber.m */ = {isa = PBXFileReference; fileEncoding = 4; lastKnownFileType = sourcecode.c.objc; path = DDNumber.m; sourceTree = "<group>"; };
		E1FC68EE147585F200D2052F /* DDRange.h */ = {isa = PBXFileReference; fileEncoding = 4; lastKnownFileType = sourcecode.c.h; path = DDRange.h; sourceTree = "<group>"; };
		E1FC68EF147585F200D2052F /* DDRange.m */ = {isa = PBXFileReference; fileEncoding = 4; lastKnownFileType = sourcecode.c.objc; path = DDRange.m; sourceTree = "<group>"; };
		E1FC68F0147585F200D2052F /* HTTPAuthenticationRequest.h */ = {isa = PBXFileReference; fileEncoding = 4; lastKnownFileType = sourcecode.c.h; path = HTTPAuthenticationRequest.h; sourceTree = "<group>"; };
		E1FC68F1147585F200D2052F /* HTTPAuthenticationRequest.m */ = {isa = PBXFileReference; fileEncoding = 4; lastKnownFileType = sourcecode.c.objc; path = HTTPAuthenticationRequest.m; sourceTree = "<group>"; };
		E1FC68F2147585F200D2052F /* HTTPConnection.h */ = {isa = PBXFileReference; fileEncoding = 4; lastKnownFileType = sourcecode.c.h; path = HTTPConnection.h; sourceTree = "<group>"; };
		E1FC68F3147585F200D2052F /* HTTPConnection.m */ = {isa = PBXFileReference; fileEncoding = 4; lastKnownFileType = sourcecode.c.objc; path = HTTPConnection.m; sourceTree = "<group>"; };
		E1FC68F4147585F200D2052F /* HTTPLogging.h */ = {isa = PBXFileReference; fileEncoding = 4; lastKnownFileType = sourcecode.c.h; path = HTTPLogging.h; sourceTree = "<group>"; };
		E1FC68F5147585F200D2052F /* HTTPMessage.h */ = {isa = PBXFileReference; fileEncoding = 4; lastKnownFileType = sourcecode.c.h; path = HTTPMessage.h; sourceTree = "<group>"; };
		E1FC68F6147585F200D2052F /* HTTPMessage.m */ = {isa = PBXFileReference; fileEncoding = 4; lastKnownFileType = sourcecode.c.objc; path = HTTPMessage.m; sourceTree = "<group>"; };
		E1FC68F7147585F200D2052F /* HTTPResponse.h */ = {isa = PBXFileReference; fileEncoding = 4; lastKnownFileType = sourcecode.c.h; path = HTTPResponse.h; sourceTree = "<group>"; };
		E1FC68F8147585F200D2052F /* HTTPServer.h */ = {isa = PBXFileReference; fileEncoding = 4; lastKnownFileType = sourcecode.c.h; path = HTTPServer.h; sourceTree = "<group>"; };
		E1FC68F9147585F200D2052F /* HTTPServer.m */ = {isa = PBXFileReference; fileEncoding = 4; lastKnownFileType = sourcecode.c.objc; path = HTTPServer.m; sourceTree = "<group>"; };
		E1FC68FB147585F200D2052F /* HTTPAsyncFileResponse.h */ = {isa = PBXFileReference; fileEncoding = 4; lastKnownFileType = sourcecode.c.h; path = HTTPAsyncFileResponse.h; sourceTree = "<group>"; };
		E1FC68FC147585F200D2052F /* HTTPAsyncFileResponse.m */ = {isa = PBXFileReference; fileEncoding = 4; lastKnownFileType = sourcecode.c.objc; path = HTTPAsyncFileResponse.m; sourceTree = "<group>"; };
		E1FC68FD147585F200D2052F /* HTTPDataResponse.h */ = {isa = PBXFileReference; fileEncoding = 4; lastKnownFileType = sourcecode.c.h; path = HTTPDataResponse.h; sourceTree = "<group>"; };
		E1FC68FE147585F200D2052F /* HTTPDataResponse.m */ = {isa = PBXFileReference; fileEncoding = 4; lastKnownFileType = sourcecode.c.objc; path = HTTPDataResponse.m; sourceTree = "<group>"; };
		E1FC68FF147585F200D2052F /* HTTPDynamicFileResponse.h */ = {isa = PBXFileReference; fileEncoding = 4; lastKnownFileType = sourcecode.c.h; path = HTTPDynamicFileResponse.h; sourceTree = "<group>"; };
		E1FC6900147585F200D2052F /* HTTPDynamicFileResponse.m */ = {isa = PBXFileReference; fileEncoding = 4; lastKnownFileType = sourcecode.c.objc; path = HTTPDynamicFileResponse.m; sourceTree = "<group>"; };
		E1FC6901147585F200D2052F /* HTTPFileResponse.h */ = {isa = PBXFileReference; fileEncoding = 4; lastKnownFileType = sourcecode.c.h; path = HTTPFileResponse.h; sourceTree = "<group>"; };
		E1FC6902147585F200D2052F /* HTTPFileResponse.m */ = {isa = PBXFileReference; fileEncoding = 4; lastKnownFileType = sourcecode.c.objc; path = HTTPFileResponse.m; sourceTree = "<group>"; };
		E1FC6903147585F200D2052F /* HTTPRedirectResponse.h */ = {isa = PBXFileReference; fileEncoding = 4; lastKnownFileType = sourcecode.c.h; path = HTTPRedirectResponse.h; sourceTree = "<group>"; };
		E1FC6904147585F200D2052F /* HTTPRedirectResponse.m */ = {isa = PBXFileReference; fileEncoding = 4; lastKnownFileType = sourcecode.c.objc; path = HTTPRedirectResponse.m; sourceTree = "<group>"; };
		E1FC6905147585F200D2052F /* WebSocket.h */ = {isa = PBXFileReference; fileEncoding = 4; lastKnownFileType = sourcecode.c.h; path = WebSocket.h; sourceTree = "<group>"; };
		E1FC6906147585F200D2052F /* WebSocket.m */ = {isa = PBXFileReference; fileEncoding = 4; lastKnownFileType = sourcecode.c.objc; path = WebSocket.m; sourceTree = "<group>"; };
		E1FC6909147585F200D2052F /* About.txt */ = {isa = PBXFileReference; fileEncoding = 4; lastKnownFileType = text; path = About.txt; sourceTree = "<group>"; };
		E1FC690A147585F200D2052F /* GCDAsyncSocket.h */ = {isa = PBXFileReference; fileEncoding = 4; lastKnownFileType = sourcecode.c.h; path = GCDAsyncSocket.h; sourceTree = "<group>"; };
		E1FC690B147585F200D2052F /* GCDAsyncSocket.m */ = {isa = PBXFileReference; fileEncoding = 4; lastKnownFileType = sourcecode.c.objc; path = GCDAsyncSocket.m; sourceTree = "<group>"; };
		E1FC690D147585F200D2052F /* About.txt */ = {isa = PBXFileReference; fileEncoding = 4; lastKnownFileType = text; path = About.txt; sourceTree = "<group>"; };
		E1FC690E147585F200D2052F /* DDAbstractDatabaseLogger.h */ = {isa = PBXFileReference; fileEncoding = 4; lastKnownFileType = sourcecode.c.h; path = DDAbstractDatabaseLogger.h; sourceTree = "<group>"; };
		E1FC690F147585F200D2052F /* DDAbstractDatabaseLogger.m */ = {isa = PBXFileReference; fileEncoding = 4; lastKnownFileType = sourcecode.c.objc; path = DDAbstractDatabaseLogger.m; sourceTree = "<group>"; };
		E1FC6910147585F200D2052F /* DDASLLogger.h */ = {isa = PBXFileReference; fileEncoding = 4; lastKnownFileType = sourcecode.c.h; path = DDASLLogger.h; sourceTree = "<group>"; };
		E1FC6911147585F200D2052F /* DDASLLogger.m */ = {isa = PBXFileReference; fileEncoding = 4; lastKnownFileType = sourcecode.c.objc; path = DDASLLogger.m; sourceTree = "<group>"; };
		E1FC6912147585F200D2052F /* DDFileLogger.h */ = {isa = PBXFileReference; fileEncoding = 4; lastKnownFileType = sourcecode.c.h; path = DDFileLogger.h; sourceTree = "<group>"; };
		E1FC6913147585F200D2052F /* DDFileLogger.m */ = {isa = PBXFileReference; fileEncoding = 4; lastKnownFileType = sourcecode.c.objc; path = DDFileLogger.m; sourceTree = "<group>"; };
		E1FC6914147585F200D2052F /* DDLog.h */ = {isa = PBXFileReference; fileEncoding = 4; lastKnownFileType = sourcecode.c.h; path = DDLog.h; sourceTree = "<group>"; };
		E1FC6915147585F200D2052F /* DDLog.m */ = {isa = PBXFileReference; fileEncoding = 4; lastKnownFileType = sourcecode.c.objc; path = DDLog.m; sourceTree = "<group>"; };
		E1FC6916147585F200D2052F /* DDTTYLogger.h */ = {isa = PBXFileReference; fileEncoding = 4; lastKnownFileType = sourcecode.c.h; path = DDTTYLogger.h; sourceTree = "<group>"; };
		E1FC6917147585F200D2052F /* DDTTYLogger.m */ = {isa = PBXFileReference; fileEncoding = 4; lastKnownFileType = sourcecode.c.objc; path = DDTTYLogger.m; sourceTree = "<group>"; };
		E1FC692D147586E700D2052F /* RESTConnection.h */ = {isa = PBXFileReference; fileEncoding = 4; lastKnownFileType = sourcecode.c.h; path = RESTConnection.h; sourceTree = "<group>"; };
		E1FC692E147586E700D2052F /* RESTConnection.m */ = {isa = PBXFileReference; fileEncoding = 4; lastKnownFileType = sourcecode.c.objc; path = RESTConnection.m; sourceTree = "<group>"; };
		E1FC6930147587CE00D2052F /* Security.framework */ = {isa = PBXFileReference; lastKnownFileType = wrapper.framework; name = Security.framework; path = System/Library/Frameworks/Security.framework; sourceTree = SDKROOT; };
/* End PBXFileReference section */

/* Begin PBXFrameworksBuildPhase section */
		E194D21414755C0300D81F4D /* Frameworks */ = {
			isa = PBXFrameworksBuildPhase;
			buildActionMask = 2147483647;
			files = (
				E1FC6931147587CE00D2052F /* Security.framework in Frameworks */,
				E194D21C14755C0300D81F4D /* Cocoa.framework in Frameworks */,
			);
			runOnlyForDeploymentPostprocessing = 0;
		};
/* End PBXFrameworksBuildPhase section */

/* Begin PBXGroup section */
		E194D20C14755C0300D81F4D = {
			isa = PBXGroup;
			children = (
				E1CCB7A91475A2350087EFF2 /* JSON-Framework */,
				E1FC68E2147585A900D2052F /* CocoaHTTPServer */,
				E194D22114755C0300D81F4D /* ObjectiveREST Test App */,
				E194D21A14755C0300D81F4D /* Frameworks */,
				E194D21814755C0300D81F4D /* Products */,
			);
			sourceTree = "<group>";
		};
		E194D21814755C0300D81F4D /* Products */ = {
			isa = PBXGroup;
			children = (
				E194D21714755C0300D81F4D /* ObjectiveREST Test App.app */,
			);
			name = Products;
			sourceTree = "<group>";
		};
		E194D21A14755C0300D81F4D /* Frameworks */ = {
			isa = PBXGroup;
			children = (
				E1FC6930147587CE00D2052F /* Security.framework */,
				E194D21B14755C0300D81F4D /* Cocoa.framework */,
				E194D21D14755C0300D81F4D /* Other Frameworks */,
			);
			name = Frameworks;
			sourceTree = "<group>";
		};
		E194D21D14755C0300D81F4D /* Other Frameworks */ = {
			isa = PBXGroup;
			children = (
				E194D21E14755C0300D81F4D /* AppKit.framework */,
				E194D21F14755C0300D81F4D /* CoreData.framework */,
				E194D22014755C0300D81F4D /* Foundation.framework */,
			);
			name = "Other Frameworks";
			sourceTree = "<group>";
		};
		E194D22114755C0300D81F4D /* ObjectiveREST Test App */ = {
			isa = PBXGroup;
			children = (
				E1CCB7EB1475C6580087EFF2 /* NSString-UUID.h */,
				E1CCB7EC1475C6580087EFF2 /* NSString-UUID.m */,
				E194D22D14755C0300D81F4D /* ORAppDelegate.h */,
				E194D22E14755C0300D81F4D /* ORAppDelegate.m */,
				E194D23014755C0400D81F4D /* MainMenu.xib */,
				E194D23314755C0400D81F4D /* ObjectiveREST_Test_App.xcdatamodeld */,
				E1CCB7E81475C5B50087EFF2 /* FoodMenu.h */,
				E1CCB7E91475C5B50087EFF2 /* FoodMenu.m */,
				E1CCB7E51475C5B40087EFF2 /* PhoneBookEntry.h */,
				E1CCB7E61475C5B40087EFF2 /* PhoneBookEntry.m */,
				E194D22214755C0300D81F4D /* Supporting Files */,
				E194D23B1475798800D81F4D /* NSOutlineView_Additions.h */,
				E194D23C1475798800D81F4D /* NSOutlineView_Additions.m */,
				E1CCB7E41475C55A0087EFF2 /* ObjectiveREST */,
			);
			path = "ObjectiveREST Test App";
			sourceTree = "<group>";
		};
		E194D22214755C0300D81F4D /* Supporting Files */ = {
			isa = PBXGroup;
			children = (
				E194D22314755C0300D81F4D /* ObjectiveREST Test App-Info.plist */,
				E194D22414755C0300D81F4D /* InfoPlist.strings */,
				E194D22714755C0300D81F4D /* main.m */,
				E194D22914755C0300D81F4D /* ObjectiveREST Test App-Prefix.pch */,
				E194D22A14755C0300D81F4D /* Credits.rtf */,
			);
			name = "Supporting Files";
			sourceTree = "<group>";
		};
		E1CCB7A91475A2350087EFF2 /* JSON-Framework */ = {
			isa = PBXGroup;
			children = (
				E1CCB7AA1475A24E0087EFF2 /* Classes */,
			);
			name = "JSON-Framework";
			sourceTree = "<group>";
		};
		E1CCB7AA1475A24E0087EFF2 /* Classes */ = {
			isa = PBXGroup;
			children = (
				E1CCB7AB1475A24E0087EFF2 /* NSObject+SBJson.h */,
				E1CCB7AC1475A24E0087EFF2 /* NSObject+SBJson.m */,
				E1CCB7AD1475A24E0087EFF2 /* SBJson.h */,
				E1CCB7AE1475A24E0087EFF2 /* SBJsonParser.h */,
				E1CCB7AF1475A24E0087EFF2 /* SBJsonParser.m */,
				E1CCB7B01475A24E0087EFF2 /* SBJsonStreamParser.h */,
				E1CCB7B11475A24E0087EFF2 /* SBJsonStreamParser.m */,
				E1CCB7B21475A24E0087EFF2 /* SBJsonStreamParserAccumulator.h */,
				E1CCB7B31475A24E0087EFF2 /* SBJsonStreamParserAccumulator.m */,
				E1CCB7B41475A24E0087EFF2 /* SBJsonStreamParserAdapter.h */,
				E1CCB7B51475A24E0087EFF2 /* SBJsonStreamParserAdapter.m */,
				E1CCB7B61475A24E0087EFF2 /* SBJsonStreamParserState.h */,
				E1CCB7B71475A24E0087EFF2 /* SBJsonStreamParserState.m */,
				E1CCB7B81475A24E0087EFF2 /* SBJsonStreamWriter.h */,
				E1CCB7B91475A24E0087EFF2 /* SBJsonStreamWriter.m */,
				E1CCB7BA1475A24E0087EFF2 /* SBJsonStreamWriterAccumulator.h */,
				E1CCB7BB1475A24E0087EFF2 /* SBJsonStreamWriterAccumulator.m */,
				E1CCB7BC1475A24E0087EFF2 /* SBJsonStreamWriterState.h */,
				E1CCB7BD1475A24E0087EFF2 /* SBJsonStreamWriterState.m */,
				E1CCB7BE1475A24E0087EFF2 /* SBJsonTokeniser.h */,
				E1CCB7BF1475A24E0087EFF2 /* SBJsonTokeniser.m */,
				E1CCB7C01475A24E0087EFF2 /* SBJsonUTF8Stream.h */,
				E1CCB7C11475A24E0087EFF2 /* SBJsonUTF8Stream.m */,
				E1CCB7C21475A24E0087EFF2 /* SBJsonWriter.h */,
				E1CCB7C31475A24E0087EFF2 /* SBJsonWriter.m */,
			);
			name = Classes;
			path = "../JSON-Framework/Classes";
			sourceTree = "<group>";
		};
		E1CCB7E41475C55A0087EFF2 /* ObjectiveREST */ = {
			isa = PBXGroup;
			children = (
				E1CCB7DF1475BFE50087EFF2 /* NSManagedObject+Additions.h */,
				E1CCB7E01475BFE50087EFF2 /* NSManagedObject+Additions.m */,
				E1FC692D147586E700D2052F /* RESTConnection.h */,
				E1FC692E147586E700D2052F /* RESTConnection.m */,
				E1CCB7D01475A67C0087EFF2 /* RESTManager.h */,
				E1CCB7D11475A67C0087EFF2 /* RESTManager.m */,
				E1CCB7E31475C0BA0087EFF2 /* RESTManagedObject.h */,
			);
			name = ObjectiveREST;
			sourceTree = "<group>";
		};
		E1FC68E2147585A900D2052F /* CocoaHTTPServer */ = {
			isa = PBXGroup;
			children = (
				E1FC68E8147585F200D2052F /* Core */,
				E1FC6907147585F200D2052F /* Vendor */,
			);
			name = CocoaHTTPServer;
			sourceTree = "<group>";
		};
		E1FC68E8147585F200D2052F /* Core */ = {
			isa = PBXGroup;
			children = (
				E1FC68E9147585F200D2052F /* Categories */,
				E1FC68F0147585F200D2052F /* HTTPAuthenticationRequest.h */,
				E1FC68F1147585F200D2052F /* HTTPAuthenticationRequest.m */,
				E1FC68F2147585F200D2052F /* HTTPConnection.h */,
				E1FC68F3147585F200D2052F /* HTTPConnection.m */,
				E1FC68F4147585F200D2052F /* HTTPLogging.h */,
				E1FC68F5147585F200D2052F /* HTTPMessage.h */,
				E1FC68F6147585F200D2052F /* HTTPMessage.m */,
				E1FC68F7147585F200D2052F /* HTTPResponse.h */,
				E1FC68F8147585F200D2052F /* HTTPServer.h */,
				E1FC68F9147585F200D2052F /* HTTPServer.m */,
				E1FC68FA147585F200D2052F /* Responses */,
				E1FC6905147585F200D2052F /* WebSocket.h */,
				E1FC6906147585F200D2052F /* WebSocket.m */,
			);
			name = Core;
			path = ../CocoaHTTPServer/Core;
			sourceTree = "<group>";
		};
		E1FC68E9147585F200D2052F /* Categories */ = {
			isa = PBXGroup;
			children = (
				E1FC68EA147585F200D2052F /* DDData.h */,
				E1FC68EB147585F200D2052F /* DDData.m */,
				E1FC68EC147585F200D2052F /* DDNumber.h */,
				E1FC68ED147585F200D2052F /* DDNumber.m */,
				E1FC68EE147585F200D2052F /* DDRange.h */,
				E1FC68EF147585F200D2052F /* DDRange.m */,
			);
			path = Categories;
			sourceTree = "<group>";
		};
		E1FC68FA147585F200D2052F /* Responses */ = {
			isa = PBXGroup;
			children = (
				E1FC68FB147585F200D2052F /* HTTPAsyncFileResponse.h */,
				E1FC68FC147585F200D2052F /* HTTPAsyncFileResponse.m */,
				E1FC68FD147585F200D2052F /* HTTPDataResponse.h */,
				E1FC68FE147585F200D2052F /* HTTPDataResponse.m */,
				E1FC68FF147585F200D2052F /* HTTPDynamicFileResponse.h */,
				E1FC6900147585F200D2052F /* HTTPDynamicFileResponse.m */,
				E1FC6901147585F200D2052F /* HTTPFileResponse.h */,
				E1FC6902147585F200D2052F /* HTTPFileResponse.m */,
				E1FC6903147585F200D2052F /* HTTPRedirectResponse.h */,
				E1FC6904147585F200D2052F /* HTTPRedirectResponse.m */,
			);
			path = Responses;
			sourceTree = "<group>";
		};
		E1FC6907147585F200D2052F /* Vendor */ = {
			isa = PBXGroup;
			children = (
				E1FC6908147585F200D2052F /* CocoaAsyncSocket */,
				E1FC690C147585F200D2052F /* CocoaLumberjack */,
			);
			name = Vendor;
			path = ../CocoaHTTPServer/Vendor;
			sourceTree = "<group>";
		};
		E1FC6908147585F200D2052F /* CocoaAsyncSocket */ = {
			isa = PBXGroup;
			children = (
				E1FC6909147585F200D2052F /* About.txt */,
				E1FC690A147585F200D2052F /* GCDAsyncSocket.h */,
				E1FC690B147585F200D2052F /* GCDAsyncSocket.m */,
			);
			path = CocoaAsyncSocket;
			sourceTree = "<group>";
		};
		E1FC690C147585F200D2052F /* CocoaLumberjack */ = {
			isa = PBXGroup;
			children = (
				E1FC690D147585F200D2052F /* About.txt */,
				E1FC690E147585F200D2052F /* DDAbstractDatabaseLogger.h */,
				E1FC690F147585F200D2052F /* DDAbstractDatabaseLogger.m */,
				E1FC6910147585F200D2052F /* DDASLLogger.h */,
				E1FC6911147585F200D2052F /* DDASLLogger.m */,
				E1FC6912147585F200D2052F /* DDFileLogger.h */,
				E1FC6913147585F200D2052F /* DDFileLogger.m */,
				E1FC6914147585F200D2052F /* DDLog.h */,
				E1FC6915147585F200D2052F /* DDLog.m */,
				E1FC6916147585F200D2052F /* DDTTYLogger.h */,
				E1FC6917147585F200D2052F /* DDTTYLogger.m */,
			);
			path = CocoaLumberjack;
			sourceTree = "<group>";
		};
/* End PBXGroup section */

/* Begin PBXNativeTarget section */
		E194D21614755C0300D81F4D /* ObjectiveREST Test App */ = {
			isa = PBXNativeTarget;
			buildConfigurationList = E194D23814755C0400D81F4D /* Build configuration list for PBXNativeTarget "ObjectiveREST Test App" */;
			buildPhases = (
				E194D21314755C0300D81F4D /* Sources */,
				E194D21414755C0300D81F4D /* Frameworks */,
				E194D21514755C0300D81F4D /* Resources */,
			);
			buildRules = (
			);
			dependencies = (
			);
			name = "ObjectiveREST Test App";
			productName = "ObjectiveREST Test App";
			productReference = E194D21714755C0300D81F4D /* ObjectiveREST Test App.app */;
			productType = "com.apple.product-type.application";
		};
/* End PBXNativeTarget section */

/* Begin PBXProject section */
		E194D20E14755C0300D81F4D /* Project object */ = {
			isa = PBXProject;
			attributes = {
				LastUpgradeCheck = 0420;
				ORGANIZATIONNAME = "iNig-Services";
			};
			buildConfigurationList = E194D21114755C0300D81F4D /* Build configuration list for PBXProject "ObjectiveREST Test App" */;
			compatibilityVersion = "Xcode 3.2";
			developmentRegion = English;
			hasScannedForEncodings = 0;
			knownRegions = (
				en,
			);
			mainGroup = E194D20C14755C0300D81F4D;
			productRefGroup = E194D21814755C0300D81F4D /* Products */;
			projectDirPath = "";
			projectRoot = "";
			targets = (
				E194D21614755C0300D81F4D /* ObjectiveREST Test App */,
			);
		};
/* End PBXProject section */

/* Begin PBXResourcesBuildPhase section */
		E194D21514755C0300D81F4D /* Resources */ = {
			isa = PBXResourcesBuildPhase;
			buildActionMask = 2147483647;
			files = (
				E194D22614755C0300D81F4D /* InfoPlist.strings in Resources */,
				E194D22C14755C0300D81F4D /* Credits.rtf in Resources */,
				E194D23214755C0400D81F4D /* MainMenu.xib in Resources */,
				E1FC6925147585F200D2052F /* About.txt in Resources */,
				E1FC6927147585F200D2052F /* About.txt in Resources */,
			);
			runOnlyForDeploymentPostprocessing = 0;
		};
/* End PBXResourcesBuildPhase section */

/* Begin PBXSourcesBuildPhase section */
		E194D21314755C0300D81F4D /* Sources */ = {
			isa = PBXSourcesBuildPhase;
			buildActionMask = 2147483647;
			files = (
				E194D22814755C0300D81F4D /* main.m in Sources */,
				E194D22F14755C0300D81F4D /* ORAppDelegate.m in Sources */,
				E194D23514755C0400D81F4D /* ObjectiveREST_Test_App.xcdatamodeld in Sources */,
				E194D23D1475798800D81F4D /* NSOutlineView_Additions.m in Sources */,
				E1FC6918147585F200D2052F /* DDData.m in Sources */,
				E1FC6919147585F200D2052F /* DDNumber.m in Sources */,
				E1FC691A147585F200D2052F /* DDRange.m in Sources */,
				E1FC691B147585F200D2052F /* HTTPAuthenticationRequest.m in Sources */,
				E1FC691C147585F200D2052F /* HTTPConnection.m in Sources */,
				E1FC691D147585F200D2052F /* HTTPMessage.m in Sources */,
				E1FC691E147585F200D2052F /* HTTPServer.m in Sources */,
				E1FC691F147585F200D2052F /* HTTPAsyncFileResponse.m in Sources */,
				E1FC6920147585F200D2052F /* HTTPDataResponse.m in Sources */,
				E1FC6921147585F200D2052F /* HTTPDynamicFileResponse.m in Sources */,
				E1FC6922147585F200D2052F /* HTTPFileResponse.m in Sources */,
				E1FC6923147585F200D2052F /* HTTPRedirectResponse.m in Sources */,
				E1FC6924147585F200D2052F /* WebSocket.m in Sources */,
				E1FC6926147585F200D2052F /* GCDAsyncSocket.m in Sources */,
				E1FC6928147585F200D2052F /* DDAbstractDatabaseLogger.m in Sources */,
				E1FC6929147585F200D2052F /* DDASLLogger.m in Sources */,
				E1FC692A147585F200D2052F /* DDFileLogger.m in Sources */,
				E1FC692B147585F200D2052F /* DDLog.m in Sources */,
				E1FC692C147585F200D2052F /* DDTTYLogger.m in Sources */,
				E1FC692F147586E700D2052F /* RESTConnection.m in Sources */,
				E1CCB7C41475A24E0087EFF2 /* NSObject+SBJson.m in Sources */,
				E1CCB7C51475A24E0087EFF2 /* SBJsonParser.m in Sources */,
				E1CCB7C61475A24E0087EFF2 /* SBJsonStreamParser.m in Sources */,
				E1CCB7C71475A24E0087EFF2 /* SBJsonStreamParserAccumulator.m in Sources */,
				E1CCB7C81475A24E0087EFF2 /* SBJsonStreamParserAdapter.m in Sources */,
				E1CCB7C91475A24E0087EFF2 /* SBJsonStreamParserState.m in Sources */,
				E1CCB7CA1475A24E0087EFF2 /* SBJsonStreamWriter.m in Sources */,
				E1CCB7CB1475A24E0087EFF2 /* SBJsonStreamWriterAccumulator.m in Sources */,
				E1CCB7CC1475A24E0087EFF2 /* SBJsonStreamWriterState.m in Sources */,
				E1CCB7CD1475A24E0087EFF2 /* SBJsonTokeniser.m in Sources */,
				E1CCB7CE1475A24E0087EFF2 /* SBJsonUTF8Stream.m in Sources */,
				E1CCB7CF1475A24E0087EFF2 /* SBJsonWriter.m in Sources */,
				E1CCB7D21475A67C0087EFF2 /* RESTManager.m in Sources */,
				E1CCB7E11475BFE50087EFF2 /* NSManagedObject+Additions.m in Sources */,
				E1CCB7E71475C5B50087EFF2 /* PhoneBookEntry.m in Sources */,
				E1CCB7EA1475C5B60087EFF2 /* FoodMenu.m in Sources */,
				E1CCB7ED1475C6580087EFF2 /* NSString-UUID.m in Sources */,
			);
			runOnlyForDeploymentPostprocessing = 0;
		};
/* End PBXSourcesBuildPhase section */

/* Begin PBXVariantGroup section */
		E194D22414755C0300D81F4D /* InfoPlist.strings */ = {
			isa = PBXVariantGroup;
			children = (
				E194D22514755C0300D81F4D /* en */,
			);
			name = InfoPlist.strings;
			sourceTree = "<group>";
		};
		E194D22A14755C0300D81F4D /* Credits.rtf */ = {
			isa = PBXVariantGroup;
			children = (
				E194D22B14755C0300D81F4D /* en */,
			);
			name = Credits.rtf;
			sourceTree = "<group>";
		};
		E194D23014755C0400D81F4D /* MainMenu.xib */ = {
			isa = PBXVariantGroup;
			children = (
				E194D23114755C0400D81F4D /* en */,
			);
			name = MainMenu.xib;
			sourceTree = "<group>";
		};
/* End PBXVariantGroup section */

/* Begin XCBuildConfiguration section */
		E194D23614755C0400D81F4D /* Debug */ = {
			isa = XCBuildConfiguration;
			buildSettings = {
				ALWAYS_SEARCH_USER_PATHS = NO;
				ARCHS = "$(ARCHS_STANDARD_64_BIT)";
				COPY_PHASE_STRIP = NO;
				GCC_C_LANGUAGE_STANDARD = gnu99;
				GCC_DYNAMIC_NO_PIC = NO;
				GCC_ENABLE_OBJC_EXCEPTIONS = YES;
				GCC_OPTIMIZATION_LEVEL = 0;
				GCC_PREPROCESSOR_DEFINITIONS = (
					"DEBUG=1",
					"$(inherited)",
				);
				GCC_SYMBOLS_PRIVATE_EXTERN = NO;
				GCC_VERSION = com.apple.compilers.llvm.clang.1_0;
				GCC_WARN_64_TO_32_BIT_CONVERSION = YES;
				GCC_WARN_ABOUT_MISSING_PROTOTYPES = YES;
				GCC_WARN_ABOUT_RETURN_TYPE = YES;
				GCC_WARN_UNUSED_VARIABLE = YES;
				MACOSX_DEPLOYMENT_TARGET = 10.7;
				ONLY_ACTIVE_ARCH = YES;
				SDKROOT = macosx;
			};
			name = Debug;
		};
		E194D23714755C0400D81F4D /* Release */ = {
			isa = XCBuildConfiguration;
			buildSettings = {
				ALWAYS_SEARCH_USER_PATHS = NO;
				ARCHS = "$(ARCHS_STANDARD_64_BIT)";
				COPY_PHASE_STRIP = YES;
				DEBUG_INFORMATION_FORMAT = "dwarf-with-dsym";
				GCC_C_LANGUAGE_STANDARD = gnu99;
				GCC_ENABLE_OBJC_EXCEPTIONS = YES;
				GCC_VERSION = com.apple.compilers.llvm.clang.1_0;
				GCC_WARN_64_TO_32_BIT_CONVERSION = YES;
				GCC_WARN_ABOUT_MISSING_PROTOTYPES = YES;
				GCC_WARN_ABOUT_RETURN_TYPE = YES;
				GCC_WARN_UNUSED_VARIABLE = YES;
				MACOSX_DEPLOYMENT_TARGET = 10.7;
				SDKROOT = macosx;
			};
			name = Release;
		};
		E194D23914755C0400D81F4D /* Debug */ = {
			isa = XCBuildConfiguration;
			buildSettings = {
				GCC_PRECOMPILE_PREFIX_HEADER = YES;
				GCC_PREFIX_HEADER = "ObjectiveREST Test App/ObjectiveREST Test App-Prefix.pch";
				INFOPLIST_FILE = "ObjectiveREST Test App/ObjectiveREST Test App-Info.plist";
				PRODUCT_NAME = "$(TARGET_NAME)";
				WRAPPER_EXTENSION = app;
			};
			name = Debug;
		};
		E194D23A14755C0400D81F4D /* Release */ = {
			isa = XCBuildConfiguration;
			buildSettings = {
				GCC_PRECOMPILE_PREFIX_HEADER = YES;
				GCC_PREFIX_HEADER = "ObjectiveREST Test App/ObjectiveREST Test App-Prefix.pch";
				INFOPLIST_FILE = "ObjectiveREST Test App/ObjectiveREST Test App-Info.plist";
				PRODUCT_NAME = "$(TARGET_NAME)";
				WRAPPER_EXTENSION = app;
			};
			name = Release;
		};
/* End XCBuildConfiguration section */

/* Begin XCConfigurationList section */
		E194D21114755C0300D81F4D /* Build configuration list for PBXProject "ObjectiveREST Test App" */ = {
			isa = XCConfigurationList;
			buildConfigurations = (
				E194D23614755C0400D81F4D /* Debug */,
				E194D23714755C0400D81F4D /* Release */,
			);
			defaultConfigurationIsVisible = 0;
			defaultConfigurationName = Release;
		};
		E194D23814755C0400D81F4D /* Build configuration list for PBXNativeTarget "ObjectiveREST Test App" */ = {
			isa = XCConfigurationList;
			buildConfigurations = (
				E194D23914755C0400D81F4D /* Debug */,
				E194D23A14755C0400D81F4D /* Release */,
			);
			defaultConfigurationIsVisible = 0;
			defaultConfigurationName = Release;
		};
/* End XCConfigurationList section */

/* Begin XCVersionGroup section */
		E194D23314755C0400D81F4D /* ObjectiveREST_Test_App.xcdatamodeld */ = {
			isa = XCVersionGroup;
			children = (
				E1CCB7EE1475C6C40087EFF2 /* ObjectiveREST_Test_App ORReady.xcdatamodel */,
				E194D23414755C0400D81F4D /* ObjectiveREST_Test_App.xcdatamodel */,
			);
			currentVersion = E1CCB7EE1475C6C40087EFF2 /* ObjectiveREST_Test_App ORReady.xcdatamodel */;
			path = ObjectiveREST_Test_App.xcdatamodeld;
			sourceTree = "<group>";
			versionGroupType = wrapper.xcdatamodel;
		};
/* End XCVersionGroup section */
	};
	rootObject = E194D20E14755C0300D81F4D /* Project object */;
}
