// !$*UTF8*$!
{
	archiveVersion = 1;
	classes = {
	};
	objectVersion = 46;
	objects = {

/* Begin PBXBuildFile section */
		E15BB27714841253005BDBED /* ObjectiveRESTDemo.xcdatamodeld in Sources */ = {isa = PBXBuildFile; fileRef = E15BB27514841253005BDBED /* ObjectiveRESTDemo.xcdatamodeld */; };
		E15BB27C14841377005BDBED /* ObjectiveREST.framework in Frameworks */ = {isa = PBXBuildFile; fileRef = E15BB27B14841376005BDBED /* ObjectiveREST.framework */; };
		E15BB27D1484137B005BDBED /* ObjectiveREST.framework in Copy Frameworks */ = {isa = PBXBuildFile; fileRef = E15BB27B14841376005BDBED /* ObjectiveREST.framework */; };
		E194D21C14755C0300D81F4D /* Cocoa.framework in Frameworks */ = {isa = PBXBuildFile; fileRef = E194D21B14755C0300D81F4D /* Cocoa.framework */; };
		E194D22614755C0300D81F4D /* InfoPlist.strings in Resources */ = {isa = PBXBuildFile; fileRef = E194D22414755C0300D81F4D /* InfoPlist.strings */; };
		E194D22814755C0300D81F4D /* main.m in Sources */ = {isa = PBXBuildFile; fileRef = E194D22714755C0300D81F4D /* main.m */; };
		E194D22C14755C0300D81F4D /* Credits.rtf in Resources */ = {isa = PBXBuildFile; fileRef = E194D22A14755C0300D81F4D /* Credits.rtf */; };
		E194D22F14755C0300D81F4D /* ORAppDelegate.m in Sources */ = {isa = PBXBuildFile; fileRef = E194D22E14755C0300D81F4D /* ORAppDelegate.m */; };
		E194D23214755C0400D81F4D /* MainMenu.xib in Resources */ = {isa = PBXBuildFile; fileRef = E194D23014755C0400D81F4D /* MainMenu.xib */; };
		E194D23D1475798800D81F4D /* NSOutlineView_Additions.m in Sources */ = {isa = PBXBuildFile; fileRef = E194D23C1475798800D81F4D /* NSOutlineView_Additions.m */; };
		E1CCB7E71475C5B50087EFF2 /* PhoneBookEntry.m in Sources */ = {isa = PBXBuildFile; fileRef = E1CCB7E61475C5B40087EFF2 /* PhoneBookEntry.m */; };
		E1CCB7ED1475C6580087EFF2 /* NSString-UUID.m in Sources */ = {isa = PBXBuildFile; fileRef = E1CCB7EC1475C6580087EFF2 /* NSString-UUID.m */; };
		E88E2A1114772876000D742B /* FoodMenu.m in Sources */ = {isa = PBXBuildFile; fileRef = E88E2A1014772876000D742B /* FoodMenu.m */; };
/* End PBXBuildFile section */

/* Begin PBXCopyFilesBuildPhase section */
		E15708A6148403020091302A /* Copy Frameworks */ = {
			isa = PBXCopyFilesBuildPhase;
			buildActionMask = 2147483647;
			dstPath = "";
			dstSubfolderSpec = 10;
			files = (
				E15BB27D1484137B005BDBED /* ObjectiveREST.framework in Copy Frameworks */,
			);
			name = "Copy Frameworks";
			runOnlyForDeploymentPostprocessing = 0;
		};
/* End PBXCopyFilesBuildPhase section */

/* Begin PBXFileReference section */
		E15BB27614841253005BDBED /* ObjectiveRESTDemo.xcdatamodel */ = {isa = PBXFileReference; lastKnownFileType = wrapper.xcdatamodel; path = ObjectiveRESTDemo.xcdatamodel; sourceTree = "<group>"; };
		E15BB27B14841376005BDBED /* ObjectiveREST.framework */ = {isa = PBXFileReference; lastKnownFileType = wrapper.framework; name = ObjectiveREST.framework; path = "../../../../../Library/Developer/Xcode/DerivedData/ObjectiveREST-haytzvrdfqbnbqbladdwxyizptdm/Build/Products/Debug/ObjectiveREST.framework"; sourceTree = "<group>"; };
		E194D21714755C0300D81F4D /* ObjectiveREST Demo Server.app */ = {isa = PBXFileReference; explicitFileType = wrapper.application; includeInIndex = 0; path = "ObjectiveREST Demo Server.app"; sourceTree = BUILT_PRODUCTS_DIR; };
		E194D21B14755C0300D81F4D /* Cocoa.framework */ = {isa = PBXFileReference; lastKnownFileType = wrapper.framework; name = Cocoa.framework; path = System/Library/Frameworks/Cocoa.framework; sourceTree = SDKROOT; };
		E194D21E14755C0300D81F4D /* AppKit.framework */ = {isa = PBXFileReference; lastKnownFileType = wrapper.framework; name = AppKit.framework; path = System/Library/Frameworks/AppKit.framework; sourceTree = SDKROOT; };
		E194D21F14755C0300D81F4D /* CoreData.framework */ = {isa = PBXFileReference; lastKnownFileType = wrapper.framework; name = CoreData.framework; path = System/Library/Frameworks/CoreData.framework; sourceTree = SDKROOT; };
		E194D22014755C0300D81F4D /* Foundation.framework */ = {isa = PBXFileReference; lastKnownFileType = wrapper.framework; name = Foundation.framework; path = System/Library/Frameworks/Foundation.framework; sourceTree = SDKROOT; };
		E194D22314755C0300D81F4D /* ObjectiveREST Demo Server-Info.plist */ = {isa = PBXFileReference; lastKnownFileType = text.plist.xml; path = "ObjectiveREST Demo Server-Info.plist"; sourceTree = "<group>"; };
		E194D22514755C0300D81F4D /* en */ = {isa = PBXFileReference; lastKnownFileType = text.plist.strings; name = en; path = en.lproj/InfoPlist.strings; sourceTree = "<group>"; };
		E194D22714755C0300D81F4D /* main.m */ = {isa = PBXFileReference; lastKnownFileType = sourcecode.c.objc; path = main.m; sourceTree = "<group>"; };
		E194D22914755C0300D81F4D /* ObjectiveREST Demo Server-Prefix.pch */ = {isa = PBXFileReference; lastKnownFileType = sourcecode.c.h; path = "ObjectiveREST Demo Server-Prefix.pch"; sourceTree = "<group>"; };
		E194D22B14755C0300D81F4D /* en */ = {isa = PBXFileReference; lastKnownFileType = text.rtf; name = en; path = en.lproj/Credits.rtf; sourceTree = "<group>"; };
		E194D22D14755C0300D81F4D /* ORAppDelegate.h */ = {isa = PBXFileReference; lastKnownFileType = sourcecode.c.h; path = ORAppDelegate.h; sourceTree = "<group>"; };
		E194D22E14755C0300D81F4D /* ORAppDelegate.m */ = {isa = PBXFileReference; lastKnownFileType = sourcecode.c.objc; path = ORAppDelegate.m; sourceTree = "<group>"; };
		E194D23114755C0400D81F4D /* en */ = {isa = PBXFileReference; lastKnownFileType = file.xib; name = en; path = en.lproj/MainMenu.xib; sourceTree = "<group>"; };
		E194D23B1475798800D81F4D /* NSOutlineView_Additions.h */ = {isa = PBXFileReference; fileEncoding = 4; lastKnownFileType = sourcecode.c.h; path = NSOutlineView_Additions.h; sourceTree = "<group>"; };
		E194D23C1475798800D81F4D /* NSOutlineView_Additions.m */ = {isa = PBXFileReference; fileEncoding = 4; lastKnownFileType = sourcecode.c.objc; path = NSOutlineView_Additions.m; sourceTree = "<group>"; };
		E1CCB7E51475C5B40087EFF2 /* PhoneBookEntry.h */ = {isa = PBXFileReference; fileEncoding = 4; lastKnownFileType = sourcecode.c.h; path = PhoneBookEntry.h; sourceTree = "<group>"; };
		E1CCB7E61475C5B40087EFF2 /* PhoneBookEntry.m */ = {isa = PBXFileReference; fileEncoding = 4; lastKnownFileType = sourcecode.c.objc; path = PhoneBookEntry.m; sourceTree = "<group>"; };
		E1CCB7EB1475C6580087EFF2 /* NSString-UUID.h */ = {isa = PBXFileReference; fileEncoding = 4; lastKnownFileType = sourcecode.c.h; path = "NSString-UUID.h"; sourceTree = "<group>"; };
		E1CCB7EC1475C6580087EFF2 /* NSString-UUID.m */ = {isa = PBXFileReference; fileEncoding = 4; lastKnownFileType = sourcecode.c.objc; path = "NSString-UUID.m"; sourceTree = "<group>"; };
		E88E2A0F14772876000D742B /* FoodMenu.h */ = {isa = PBXFileReference; fileEncoding = 4; lastKnownFileType = sourcecode.c.h; path = FoodMenu.h; sourceTree = "<group>"; };
		E88E2A1014772876000D742B /* FoodMenu.m */ = {isa = PBXFileReference; fileEncoding = 4; lastKnownFileType = sourcecode.c.objc; path = FoodMenu.m; sourceTree = "<group>"; };
/* End PBXFileReference section */

/* Begin PBXFrameworksBuildPhase section */
		E194D21414755C0300D81F4D /* Frameworks */ = {
			isa = PBXFrameworksBuildPhase;
			buildActionMask = 2147483647;
			files = (
				E15BB27C14841377005BDBED /* ObjectiveREST.framework in Frameworks */,
				E194D21C14755C0300D81F4D /* Cocoa.framework in Frameworks */,
			);
			runOnlyForDeploymentPostprocessing = 0;
		};
/* End PBXFrameworksBuildPhase section */

/* Begin PBXGroup section */
		E194D20C14755C0300D81F4D = {
			isa = PBXGroup;
			children = (
				E194D22114755C0300D81F4D /* ObjectiveREST Demo Server */,
				E194D21A14755C0300D81F4D /* Frameworks */,
				E194D21814755C0300D81F4D /* Products */,
			);
			sourceTree = "<group>";
		};
		E194D21814755C0300D81F4D /* Products */ = {
			isa = PBXGroup;
			children = (
				E194D21714755C0300D81F4D /* ObjectiveREST Demo Server.app */,
			);
			name = Products;
			sourceTree = "<group>";
		};
		E194D21A14755C0300D81F4D /* Frameworks */ = {
			isa = PBXGroup;
			children = (
				E15BB27B14841376005BDBED /* ObjectiveREST.framework */,
				E194D21B14755C0300D81F4D /* Cocoa.framework */,
				E194D21D14755C0300D81F4D /* Other Frameworks */,
			);
			name = Frameworks;
			sourceTree = "<group>";
		};
		E194D21D14755C0300D81F4D /* Other Frameworks */ = {
			isa = PBXGroup;
			children = (
				E194D21E14755C0300D81F4D /* AppKit.framework */,
				E194D21F14755C0300D81F4D /* CoreData.framework */,
				E194D22014755C0300D81F4D /* Foundation.framework */,
			);
			name = "Other Frameworks";
			sourceTree = "<group>";
		};
		E194D22114755C0300D81F4D /* ObjectiveREST Demo Server */ = {
			isa = PBXGroup;
			children = (
				E1CCB7EB1475C6580087EFF2 /* NSString-UUID.h */,
				E1CCB7EC1475C6580087EFF2 /* NSString-UUID.m */,
				E194D22D14755C0300D81F4D /* ORAppDelegate.h */,
				E194D22E14755C0300D81F4D /* ORAppDelegate.m */,
				E194D23014755C0400D81F4D /* MainMenu.xib */,
				E88E2A0F14772876000D742B /* FoodMenu.h */,
				E88E2A1014772876000D742B /* FoodMenu.m */,
				E1CCB7E51475C5B40087EFF2 /* PhoneBookEntry.h */,
				E1CCB7E61475C5B40087EFF2 /* PhoneBookEntry.m */,
				E194D22214755C0300D81F4D /* Supporting Files */,
				E194D23B1475798800D81F4D /* NSOutlineView_Additions.h */,
				E194D23C1475798800D81F4D /* NSOutlineView_Additions.m */,
				E15BB27514841253005BDBED /* ObjectiveRESTDemo.xcdatamodeld */,
			);
			path = "ObjectiveREST Demo Server";
			sourceTree = "<group>";
		};
		E194D22214755C0300D81F4D /* Supporting Files */ = {
			isa = PBXGroup;
			children = (
				E194D22314755C0300D81F4D /* ObjectiveREST Demo Server-Info.plist */,
				E194D22414755C0300D81F4D /* InfoPlist.strings */,
				E194D22714755C0300D81F4D /* main.m */,
				E194D22914755C0300D81F4D /* ObjectiveREST Demo Server-Prefix.pch */,
				E194D22A14755C0300D81F4D /* Credits.rtf */,
			);
			name = "Supporting Files";
			sourceTree = "<group>";
		};
/* End PBXGroup section */

/* Begin PBXNativeTarget section */
		E194D21614755C0300D81F4D /* ObjectiveREST Demo Server */ = {
			isa = PBXNativeTarget;
			buildConfigurationList = E194D23814755C0400D81F4D /* Build configuration list for PBXNativeTarget "ObjectiveREST Demo Server" */;
			buildPhases = (
				E194D21314755C0300D81F4D /* Sources */,
				E194D21414755C0300D81F4D /* Frameworks */,
				E194D21514755C0300D81F4D /* Resources */,
				E15708A6148403020091302A /* Copy Frameworks */,
			);
			buildRules = (
			);
			dependencies = (
			);
			name = "ObjectiveREST Demo Server";
			productName = "ObjectiveREST Test App";
			productReference = E194D21714755C0300D81F4D /* ObjectiveREST Demo Server.app */;
			productType = "com.apple.product-type.application";
		};
/* End PBXNativeTarget section */

/* Begin PBXProject section */
		E194D20E14755C0300D81F4D /* Project object */ = {
			isa = PBXProject;
			attributes = {
				LastUpgradeCheck = 0420;
				ORGANIZATIONNAME = "iNig-Services";
			};
			buildConfigurationList = E194D21114755C0300D81F4D /* Build configuration list for PBXProject "ObjectiveREST Demo Server" */;
			compatibilityVersion = "Xcode 3.2";
			developmentRegion = English;
			hasScannedForEncodings = 0;
			knownRegions = (
				en,
			);
			mainGroup = E194D20C14755C0300D81F4D;
			productRefGroup = E194D21814755C0300D81F4D /* Products */;
			projectDirPath = "";
			projectRoot = "";
			targets = (
				E194D21614755C0300D81F4D /* ObjectiveREST Demo Server */,
			);
		};
/* End PBXProject section */

/* Begin PBXResourcesBuildPhase section */
		E194D21514755C0300D81F4D /* Resources */ = {
			isa = PBXResourcesBuildPhase;
			buildActionMask = 2147483647;
			files = (
				E194D22614755C0300D81F4D /* InfoPlist.strings in Resources */,
				E194D22C14755C0300D81F4D /* Credits.rtf in Resources */,
				E194D23214755C0400D81F4D /* MainMenu.xib in Resources */,
			);
			runOnlyForDeploymentPostprocessing = 0;
		};
/* End PBXResourcesBuildPhase section */

/* Begin PBXSourcesBuildPhase section */
		E194D21314755C0300D81F4D /* Sources */ = {
			isa = PBXSourcesBuildPhase;
			buildActionMask = 2147483647;
			files = (
				E194D22814755C0300D81F4D /* main.m in Sources */,
				E194D22F14755C0300D81F4D /* ORAppDelegate.m in Sources */,
				E194D23D1475798800D81F4D /* NSOutlineView_Additions.m in Sources */,
				E1CCB7E71475C5B50087EFF2 /* PhoneBookEntry.m in Sources */,
				E1CCB7ED1475C6580087EFF2 /* NSString-UUID.m in Sources */,
				E88E2A1114772876000D742B /* FoodMenu.m in Sources */,
				E15BB27714841253005BDBED /* ObjectiveRESTDemo.xcdatamodeld in Sources */,
			);
			runOnlyForDeploymentPostprocessing = 0;
		};
/* End PBXSourcesBuildPhase section */

/* Begin PBXVariantGroup section */
		E194D22414755C0300D81F4D /* InfoPlist.strings */ = {
			isa = PBXVariantGroup;
			children = (
				E194D22514755C0300D81F4D /* en */,
			);
			name = InfoPlist.strings;
			sourceTree = "<group>";
		};
		E194D22A14755C0300D81F4D /* Credits.rtf */ = {
			isa = PBXVariantGroup;
			children = (
				E194D22B14755C0300D81F4D /* en */,
			);
			name = Credits.rtf;
			sourceTree = "<group>";
		};
		E194D23014755C0400D81F4D /* MainMenu.xib */ = {
			isa = PBXVariantGroup;
			children = (
				E194D23114755C0400D81F4D /* en */,
			);
			name = MainMenu.xib;
			sourceTree = "<group>";
		};
/* End PBXVariantGroup section */

/* Begin XCBuildConfiguration section */
		E194D23614755C0400D81F4D /* Debug */ = {
			isa = XCBuildConfiguration;
			buildSettings = {
				ALWAYS_SEARCH_USER_PATHS = NO;
				ARCHS = "$(ARCHS_STANDARD_64_BIT)";
				COPY_PHASE_STRIP = NO;
				GCC_C_LANGUAGE_STANDARD = gnu99;
				GCC_DYNAMIC_NO_PIC = NO;
				GCC_ENABLE_OBJC_EXCEPTIONS = YES;
				GCC_OPTIMIZATION_LEVEL = 0;
				GCC_PREPROCESSOR_DEFINITIONS = (
					"DEBUG=1",
					"$(inherited)",
				);
				GCC_SYMBOLS_PRIVATE_EXTERN = NO;
				GCC_VERSION = com.apple.compilers.llvm.clang.1_0;
				GCC_WARN_64_TO_32_BIT_CONVERSION = YES;
				GCC_WARN_ABOUT_MISSING_PROTOTYPES = YES;
				GCC_WARN_ABOUT_RETURN_TYPE = YES;
				GCC_WARN_UNUSED_VARIABLE = YES;
				MACOSX_DEPLOYMENT_TARGET = 10.7;
				ONLY_ACTIVE_ARCH = YES;
				SDKROOT = macosx;
			};
			name = Debug;
		};
		E194D23714755C0400D81F4D /* Release */ = {
			isa = XCBuildConfiguration;
			buildSettings = {
				ALWAYS_SEARCH_USER_PATHS = NO;
				ARCHS = "$(ARCHS_STANDARD_64_BIT)";
				COPY_PHASE_STRIP = YES;
				DEBUG_INFORMATION_FORMAT = "dwarf-with-dsym";
				GCC_C_LANGUAGE_STANDARD = gnu99;
				GCC_ENABLE_OBJC_EXCEPTIONS = YES;
				GCC_VERSION = com.apple.compilers.llvm.clang.1_0;
				GCC_WARN_64_TO_32_BIT_CONVERSION = YES;
				GCC_WARN_ABOUT_MISSING_PROTOTYPES = YES;
				GCC_WARN_ABOUT_RETURN_TYPE = YES;
				GCC_WARN_UNUSED_VARIABLE = YES;
				MACOSX_DEPLOYMENT_TARGET = 10.7;
				SDKROOT = macosx;
			};
			name = Release;
		};
		E194D23914755C0400D81F4D /* Debug */ = {
			isa = XCBuildConfiguration;
			buildSettings = {
				FRAMEWORK_SEARCH_PATHS = (
					"$(inherited)",
					"\"$(SRCROOT)/../../../../../Library/Developer/Xcode/DerivedData/ObjectiveREST-haytzvrdfqbnbqbladdwxyizptdm/Build/Products/Debug\"",
				);
				GCC_PRECOMPILE_PREFIX_HEADER = YES;
				GCC_PREFIX_HEADER = "ObjectiveREST Demo Server/ObjectiveREST Demo Server-Prefix.pch";
				INFOPLIST_FILE = "ObjectiveREST Demo Server/ObjectiveREST Demo Server-Info.plist";
				PRODUCT_NAME = "ObjectiveREST Demo Server";
				WRAPPER_EXTENSION = app;
			};
			name = Debug;
		};
		E194D23A14755C0400D81F4D /* Release */ = {
			isa = XCBuildConfiguration;
			buildSettings = {
				FRAMEWORK_SEARCH_PATHS = (
					"$(inherited)",
					"\"$(SRCROOT)/../../../../../Library/Developer/Xcode/DerivedData/ObjectiveREST-haytzvrdfqbnbqbladdwxyizptdm/Build/Products/Debug\"",
				);
				GCC_PRECOMPILE_PREFIX_HEADER = YES;
				GCC_PREFIX_HEADER = "ObjectiveREST Demo Server/ObjectiveREST Demo Server-Prefix.pch";
				INFOPLIST_FILE = "ObjectiveREST Demo Server/ObjectiveREST Demo Server-Info.plist";
				PRODUCT_NAME = "ObjectiveREST Demo Server";
				WRAPPER_EXTENSION = app;
			};
			name = Release;
		};
/* End XCBuildConfiguration section */

/* Begin XCConfigurationList section */
		E194D21114755C0300D81F4D /* Build configuration list for PBXProject "ObjectiveREST Demo Server" */ = {
			isa = XCConfigurationList;
			buildConfigurations = (
				E194D23614755C0400D81F4D /* Debug */,
				E194D23714755C0400D81F4D /* Release */,
			);
			defaultConfigurationIsVisible = 0;
			defaultConfigurationName = Release;
		};
		E194D23814755C0400D81F4D /* Build configuration list for PBXNativeTarget "ObjectiveREST Demo Server" */ = {
			isa = XCConfigurationList;
			buildConfigurations = (
				E194D23914755C0400D81F4D /* Debug */,
				E194D23A14755C0400D81F4D /* Release */,
			);
			defaultConfigurationIsVisible = 0;
			defaultConfigurationName = Release;
		};
/* End XCConfigurationList section */

/* Begin XCVersionGroup section */
		E15BB27514841253005BDBED /* ObjectiveRESTDemo.xcdatamodeld */ = {
			isa = XCVersionGroup;
			children = (
				E15BB27614841253005BDBED /* ObjectiveRESTDemo.xcdatamodel */,
			);
			currentVersion = E15BB27614841253005BDBED /* ObjectiveRESTDemo.xcdatamodel */;
			path = ObjectiveRESTDemo.xcdatamodeld;
			sourceTree = "<group>";
			versionGroupType = wrapper.xcdatamodel;
		};
/* End XCVersionGroup section */
	};
	rootObject = E194D20E14755C0300D81F4D /* Project object */;
}
